// !$*UTF8*$!
{
	archiveVersion = 1;
	classes = {
	};
	objectVersion = 46;
	objects = {

/* Begin PBXBuildFile section */
		95E1EE911D4F008800C13F30 /* main.m in Sources */ = {isa = PBXBuildFile; fileRef = 95E1EE901D4F008800C13F30 /* main.m */; };
		95E1EE941D4F008800C13F30 /* AppDelegate.m in Sources */ = {isa = PBXBuildFile; fileRef = 95E1EE931D4F008800C13F30 /* AppDelegate.m */; };
		95E1EE971D4F008800C13F30 /* ViewController.m in Sources */ = {isa = PBXBuildFile; fileRef = 95E1EE961D4F008800C13F30 /* ViewController.m */; };
		95E1EE9A1D4F008800C13F30 /* Main.storyboard in Resources */ = {isa = PBXBuildFile; fileRef = 95E1EE981D4F008800C13F30 /* Main.storyboard */; };
		95E1EE9C1D4F008800C13F30 /* Assets.xcassets in Resources */ = {isa = PBXBuildFile; fileRef = 95E1EE9B1D4F008800C13F30 /* Assets.xcassets */; };
		95E1EE9F1D4F008800C13F30 /* LaunchScreen.storyboard in Resources */ = {isa = PBXBuildFile; fileRef = 95E1EE9D1D4F008800C13F30 /* LaunchScreen.storyboard */; };
		95E1EEEF1D4F23B700C13F30 /* Info.plist in Resources */ = {isa = PBXBuildFile; fileRef = 95E1EEA81D4F23B700C13F30 /* Info.plist */; };
		95E1EEF01D4F23B700C13F30 /* MASCompositeConstraint.m in Sources */ = {isa = PBXBuildFile; fileRef = 95E1EEAA1D4F23B700C13F30 /* MASCompositeConstraint.m */; };
		95E1EEF11D4F23B700C13F30 /* MASConstraint.m in Sources */ = {isa = PBXBuildFile; fileRef = 95E1EEAD1D4F23B700C13F30 /* MASConstraint.m */; };
		95E1EEF21D4F23B700C13F30 /* MASConstraintMaker.m in Sources */ = {isa = PBXBuildFile; fileRef = 95E1EEAF1D4F23B700C13F30 /* MASConstraintMaker.m */; };
		95E1EEF31D4F23B700C13F30 /* MASLayoutConstraint.m in Sources */ = {isa = PBXBuildFile; fileRef = 95E1EEB11D4F23B700C13F30 /* MASLayoutConstraint.m */; };
		95E1EEF41D4F23B700C13F30 /* MASViewAttribute.m in Sources */ = {isa = PBXBuildFile; fileRef = 95E1EEB51D4F23B700C13F30 /* MASViewAttribute.m */; };
		95E1EEF51D4F23B700C13F30 /* MASViewConstraint.m in Sources */ = {isa = PBXBuildFile; fileRef = 95E1EEB71D4F23B700C13F30 /* MASViewConstraint.m */; };
		95E1EEF61D4F23B700C13F30 /* NSArray+MASAdditions.m in Sources */ = {isa = PBXBuildFile; fileRef = 95E1EEB91D4F23B700C13F30 /* NSArray+MASAdditions.m */; };
		95E1EEF71D4F23B700C13F30 /* NSLayoutConstraint+MASDebugAdditions.m in Sources */ = {isa = PBXBuildFile; fileRef = 95E1EEBC1D4F23B700C13F30 /* NSLayoutConstraint+MASDebugAdditions.m */; };
		95E1EEF81D4F23B700C13F30 /* View+MASAdditions.m in Sources */ = {isa = PBXBuildFile; fileRef = 95E1EEBE1D4F23B700C13F30 /* View+MASAdditions.m */; };
		95E1EEF91D4F23B700C13F30 /* ViewController+MASAdditions.m in Sources */ = {isa = PBXBuildFile; fileRef = 95E1EEC11D4F23B700C13F30 /* ViewController+MASAdditions.m */; };
		95E1EEFA1D4F23B700C13F30 /* MKAnnotationView+WebCache.m in Sources */ = {isa = PBXBuildFile; fileRef = 95E1EEC41D4F23B700C13F30 /* MKAnnotationView+WebCache.m */; };
		95E1EEFB1D4F23B700C13F30 /* NSData+ImageContentType.m in Sources */ = {isa = PBXBuildFile; fileRef = 95E1EEC61D4F23B700C13F30 /* NSData+ImageContentType.m */; };
		95E1EEFC1D4F23B700C13F30 /* SDImageCache.m in Sources */ = {isa = PBXBuildFile; fileRef = 95E1EEC81D4F23B700C13F30 /* SDImageCache.m */; };
		95E1EEFD1D4F23B700C13F30 /* SDWebImageCompat.m in Sources */ = {isa = PBXBuildFile; fileRef = 95E1EECA1D4F23B700C13F30 /* SDWebImageCompat.m */; };
		95E1EEFE1D4F23B700C13F30 /* SDWebImageDecoder.m in Sources */ = {isa = PBXBuildFile; fileRef = 95E1EECC1D4F23B700C13F30 /* SDWebImageDecoder.m */; };
		95E1EEFF1D4F23B700C13F30 /* SDWebImageDownloader.m in Sources */ = {isa = PBXBuildFile; fileRef = 95E1EECE1D4F23B700C13F30 /* SDWebImageDownloader.m */; };
		95E1EF001D4F23B700C13F30 /* SDWebImageDownloaderOperation.m in Sources */ = {isa = PBXBuildFile; fileRef = 95E1EED01D4F23B700C13F30 /* SDWebImageDownloaderOperation.m */; };
		95E1EF011D4F23B700C13F30 /* SDWebImageManager.m in Sources */ = {isa = PBXBuildFile; fileRef = 95E1EED21D4F23B700C13F30 /* SDWebImageManager.m */; };
		95E1EF021D4F23B700C13F30 /* SDWebImagePrefetcher.m in Sources */ = {isa = PBXBuildFile; fileRef = 95E1EED51D4F23B700C13F30 /* SDWebImagePrefetcher.m */; };
		95E1EF031D4F23B700C13F30 /* UIButton+WebCache.m in Sources */ = {isa = PBXBuildFile; fileRef = 95E1EED71D4F23B700C13F30 /* UIButton+WebCache.m */; };
		95E1EF041D4F23B700C13F30 /* UIImage+GIF.m in Sources */ = {isa = PBXBuildFile; fileRef = 95E1EED91D4F23B700C13F30 /* UIImage+GIF.m */; };
		95E1EF051D4F23B700C13F30 /* UIImage+MultiFormat.m in Sources */ = {isa = PBXBuildFile; fileRef = 95E1EEDB1D4F23B700C13F30 /* UIImage+MultiFormat.m */; };
		95E1EF061D4F23B700C13F30 /* UIImage+WebP.m in Sources */ = {isa = PBXBuildFile; fileRef = 95E1EEDD1D4F23B700C13F30 /* UIImage+WebP.m */; };
		95E1EF071D4F23B700C13F30 /* UIImageView+HighlightedWebCache.m in Sources */ = {isa = PBXBuildFile; fileRef = 95E1EEDF1D4F23B700C13F30 /* UIImageView+HighlightedWebCache.m */; };
		95E1EF081D4F23B700C13F30 /* UIImageView+WebCache.m in Sources */ = {isa = PBXBuildFile; fileRef = 95E1EEE11D4F23B700C13F30 /* UIImageView+WebCache.m */; };
		95E1EF091D4F23B700C13F30 /* UIView+WebCacheOperation.m in Sources */ = {isa = PBXBuildFile; fileRef = 95E1EEE31D4F23B700C13F30 /* UIView+WebCacheOperation.m */; };
		95E1EF0A1D4F23B700C13F30 /* SVIndefiniteAnimatedView.m in Sources */ = {isa = PBXBuildFile; fileRef = 95E1EEE61D4F23B700C13F30 /* SVIndefiniteAnimatedView.m */; };
		95E1EF0B1D4F23B700C13F30 /* SVProgressAnimatedView.m in Sources */ = {isa = PBXBuildFile; fileRef = 95E1EEE81D4F23B700C13F30 /* SVProgressAnimatedView.m */; };
		95E1EF0C1D4F23B700C13F30 /* SVProgressHUD.bundle in Resources */ = {isa = PBXBuildFile; fileRef = 95E1EEEA1D4F23B700C13F30 /* SVProgressHUD.bundle */; };
		95E1EF0D1D4F23B700C13F30 /* SVProgressHUD.m in Sources */ = {isa = PBXBuildFile; fileRef = 95E1EEEC1D4F23B700C13F30 /* SVProgressHUD.m */; };
		95E1EF0E1D4F23B700C13F30 /* SVRadialGradientLayer.m in Sources */ = {isa = PBXBuildFile; fileRef = 95E1EEEE1D4F23B700C13F30 /* SVRadialGradientLayer.m */; };
		95E1EF161D4F3DDF00C13F30 /* ZShopViewController.m in Sources */ = {isa = PBXBuildFile; fileRef = 95E1EF151D4F3DDF00C13F30 /* ZShopViewController.m */; };
		95E1EF1A1D4F418F00C13F30 /* ZBaseViewController.m in Sources */ = {isa = PBXBuildFile; fileRef = 95E1EF191D4F418F00C13F30 /* ZBaseViewController.m */; };
		95E1EF1D1D4F419A00C13F30 /* ZBaseView.m in Sources */ = {isa = PBXBuildFile; fileRef = 95E1EF1C1D4F419A00C13F30 /* ZBaseView.m */; };
/* End PBXBuildFile section */

/* Begin PBXFileReference section */
		95E1EE8C1D4F008800C13F30 /* 02-美团外卖.app */ = {isa = PBXFileReference; explicitFileType = wrapper.application; includeInIndex = 0; path = "02-美团外卖.app"; sourceTree = BUILT_PRODUCTS_DIR; };
		95E1EE901D4F008800C13F30 /* main.m */ = {isa = PBXFileReference; lastKnownFileType = sourcecode.c.objc; path = main.m; sourceTree = "<group>"; };
		95E1EE921D4F008800C13F30 /* AppDelegate.h */ = {isa = PBXFileReference; lastKnownFileType = sourcecode.c.h; path = AppDelegate.h; sourceTree = "<group>"; };
		95E1EE931D4F008800C13F30 /* AppDelegate.m */ = {isa = PBXFileReference; lastKnownFileType = sourcecode.c.objc; path = AppDelegate.m; sourceTree = "<group>"; };
		95E1EE951D4F008800C13F30 /* ViewController.h */ = {isa = PBXFileReference; lastKnownFileType = sourcecode.c.h; name = ViewController.h; path = ../../ViewController.h; sourceTree = "<group>"; };
		95E1EE961D4F008800C13F30 /* ViewController.m */ = {isa = PBXFileReference; lastKnownFileType = sourcecode.c.objc; name = ViewController.m; path = ../../ViewController.m; sourceTree = "<group>"; };
		95E1EE991D4F008800C13F30 /* Base */ = {isa = PBXFileReference; lastKnownFileType = file.storyboard; name = Base; path = Base.lproj/Main.storyboard; sourceTree = "<group>"; };
		95E1EE9B1D4F008800C13F30 /* Assets.xcassets */ = {isa = PBXFileReference; lastKnownFileType = folder.assetcatalog; path = Assets.xcassets; sourceTree = "<group>"; };
		95E1EE9E1D4F008800C13F30 /* Base */ = {isa = PBXFileReference; lastKnownFileType = file.storyboard; name = Base; path = Base.lproj/LaunchScreen.storyboard; sourceTree = "<group>"; };
		95E1EEA01D4F008800C13F30 /* Info.plist */ = {isa = PBXFileReference; lastKnownFileType = text.plist.xml; path = Info.plist; sourceTree = "<group>"; };
		95E1EEA81D4F23B700C13F30 /* Info.plist */ = {isa = PBXFileReference; fileEncoding = 4; lastKnownFileType = text.plist.xml; path = Info.plist; sourceTree = "<group>"; };
		95E1EEA91D4F23B700C13F30 /* MASCompositeConstraint.h */ = {isa = PBXFileReference; fileEncoding = 4; lastKnownFileType = sourcecode.c.h; path = MASCompositeConstraint.h; sourceTree = "<group>"; };
		95E1EEAA1D4F23B700C13F30 /* MASCompositeConstraint.m */ = {isa = PBXFileReference; fileEncoding = 4; lastKnownFileType = sourcecode.c.objc; path = MASCompositeConstraint.m; sourceTree = "<group>"; };
		95E1EEAB1D4F23B700C13F30 /* MASConstraint+Private.h */ = {isa = PBXFileReference; fileEncoding = 4; lastKnownFileType = sourcecode.c.h; path = "MASConstraint+Private.h"; sourceTree = "<group>"; };
		95E1EEAC1D4F23B700C13F30 /* MASConstraint.h */ = {isa = PBXFileReference; fileEncoding = 4; lastKnownFileType = sourcecode.c.h; path = MASConstraint.h; sourceTree = "<group>"; };
		95E1EEAD1D4F23B700C13F30 /* MASConstraint.m */ = {isa = PBXFileReference; fileEncoding = 4; lastKnownFileType = sourcecode.c.objc; path = MASConstraint.m; sourceTree = "<group>"; };
		95E1EEAE1D4F23B700C13F30 /* MASConstraintMaker.h */ = {isa = PBXFileReference; fileEncoding = 4; lastKnownFileType = sourcecode.c.h; path = MASConstraintMaker.h; sourceTree = "<group>"; };
		95E1EEAF1D4F23B700C13F30 /* MASConstraintMaker.m */ = {isa = PBXFileReference; fileEncoding = 4; lastKnownFileType = sourcecode.c.objc; path = MASConstraintMaker.m; sourceTree = "<group>"; };
		95E1EEB01D4F23B700C13F30 /* MASLayoutConstraint.h */ = {isa = PBXFileReference; fileEncoding = 4; lastKnownFileType = sourcecode.c.h; path = MASLayoutConstraint.h; sourceTree = "<group>"; };
		95E1EEB11D4F23B700C13F30 /* MASLayoutConstraint.m */ = {isa = PBXFileReference; fileEncoding = 4; lastKnownFileType = sourcecode.c.objc; path = MASLayoutConstraint.m; sourceTree = "<group>"; };
		95E1EEB21D4F23B700C13F30 /* Masonry.h */ = {isa = PBXFileReference; fileEncoding = 4; lastKnownFileType = sourcecode.c.h; path = Masonry.h; sourceTree = "<group>"; };
		95E1EEB31D4F23B700C13F30 /* MASUtilities.h */ = {isa = PBXFileReference; fileEncoding = 4; lastKnownFileType = sourcecode.c.h; path = MASUtilities.h; sourceTree = "<group>"; };
		95E1EEB41D4F23B700C13F30 /* MASViewAttribute.h */ = {isa = PBXFileReference; fileEncoding = 4; lastKnownFileType = sourcecode.c.h; path = MASViewAttribute.h; sourceTree = "<group>"; };
		95E1EEB51D4F23B700C13F30 /* MASViewAttribute.m */ = {isa = PBXFileReference; fileEncoding = 4; lastKnownFileType = sourcecode.c.objc; path = MASViewAttribute.m; sourceTree = "<group>"; };
		95E1EEB61D4F23B700C13F30 /* MASViewConstraint.h */ = {isa = PBXFileReference; fileEncoding = 4; lastKnownFileType = sourcecode.c.h; path = MASViewConstraint.h; sourceTree = "<group>"; };
		95E1EEB71D4F23B700C13F30 /* MASViewConstraint.m */ = {isa = PBXFileReference; fileEncoding = 4; lastKnownFileType = sourcecode.c.objc; path = MASViewConstraint.m; sourceTree = "<group>"; };
		95E1EEB81D4F23B700C13F30 /* NSArray+MASAdditions.h */ = {isa = PBXFileReference; fileEncoding = 4; lastKnownFileType = sourcecode.c.h; path = "NSArray+MASAdditions.h"; sourceTree = "<group>"; };
		95E1EEB91D4F23B700C13F30 /* NSArray+MASAdditions.m */ = {isa = PBXFileReference; fileEncoding = 4; lastKnownFileType = sourcecode.c.objc; path = "NSArray+MASAdditions.m"; sourceTree = "<group>"; };
		95E1EEBA1D4F23B700C13F30 /* NSArray+MASShorthandAdditions.h */ = {isa = PBXFileReference; fileEncoding = 4; lastKnownFileType = sourcecode.c.h; path = "NSArray+MASShorthandAdditions.h"; sourceTree = "<group>"; };
		95E1EEBB1D4F23B700C13F30 /* NSLayoutConstraint+MASDebugAdditions.h */ = {isa = PBXFileReference; fileEncoding = 4; lastKnownFileType = sourcecode.c.h; path = "NSLayoutConstraint+MASDebugAdditions.h"; sourceTree = "<group>"; };
		95E1EEBC1D4F23B700C13F30 /* NSLayoutConstraint+MASDebugAdditions.m */ = {isa = PBXFileReference; fileEncoding = 4; lastKnownFileType = sourcecode.c.objc; path = "NSLayoutConstraint+MASDebugAdditions.m"; sourceTree = "<group>"; };
		95E1EEBD1D4F23B700C13F30 /* View+MASAdditions.h */ = {isa = PBXFileReference; fileEncoding = 4; lastKnownFileType = sourcecode.c.h; path = "View+MASAdditions.h"; sourceTree = "<group>"; };
		95E1EEBE1D4F23B700C13F30 /* View+MASAdditions.m */ = {isa = PBXFileReference; fileEncoding = 4; lastKnownFileType = sourcecode.c.objc; path = "View+MASAdditions.m"; sourceTree = "<group>"; };
		95E1EEBF1D4F23B700C13F30 /* View+MASShorthandAdditions.h */ = {isa = PBXFileReference; fileEncoding = 4; lastKnownFileType = sourcecode.c.h; path = "View+MASShorthandAdditions.h"; sourceTree = "<group>"; };
		95E1EEC01D4F23B700C13F30 /* ViewController+MASAdditions.h */ = {isa = PBXFileReference; fileEncoding = 4; lastKnownFileType = sourcecode.c.h; path = "ViewController+MASAdditions.h"; sourceTree = "<group>"; };
		95E1EEC11D4F23B700C13F30 /* ViewController+MASAdditions.m */ = {isa = PBXFileReference; fileEncoding = 4; lastKnownFileType = sourcecode.c.objc; path = "ViewController+MASAdditions.m"; sourceTree = "<group>"; };
		95E1EEC31D4F23B700C13F30 /* MKAnnotationView+WebCache.h */ = {isa = PBXFileReference; fileEncoding = 4; lastKnownFileType = sourcecode.c.h; path = "MKAnnotationView+WebCache.h"; sourceTree = "<group>"; };
		95E1EEC41D4F23B700C13F30 /* MKAnnotationView+WebCache.m */ = {isa = PBXFileReference; fileEncoding = 4; lastKnownFileType = sourcecode.c.objc; path = "MKAnnotationView+WebCache.m"; sourceTree = "<group>"; };
		95E1EEC51D4F23B700C13F30 /* NSData+ImageContentType.h */ = {isa = PBXFileReference; fileEncoding = 4; lastKnownFileType = sourcecode.c.h; path = "NSData+ImageContentType.h"; sourceTree = "<group>"; };
		95E1EEC61D4F23B700C13F30 /* NSData+ImageContentType.m */ = {isa = PBXFileReference; fileEncoding = 4; lastKnownFileType = sourcecode.c.objc; path = "NSData+ImageContentType.m"; sourceTree = "<group>"; };
		95E1EEC71D4F23B700C13F30 /* SDImageCache.h */ = {isa = PBXFileReference; fileEncoding = 4; lastKnownFileType = sourcecode.c.h; path = SDImageCache.h; sourceTree = "<group>"; };
		95E1EEC81D4F23B700C13F30 /* SDImageCache.m */ = {isa = PBXFileReference; fileEncoding = 4; lastKnownFileType = sourcecode.c.objc; path = SDImageCache.m; sourceTree = "<group>"; };
		95E1EEC91D4F23B700C13F30 /* SDWebImageCompat.h */ = {isa = PBXFileReference; fileEncoding = 4; lastKnownFileType = sourcecode.c.h; path = SDWebImageCompat.h; sourceTree = "<group>"; };
		95E1EECA1D4F23B700C13F30 /* SDWebImageCompat.m */ = {isa = PBXFileReference; fileEncoding = 4; lastKnownFileType = sourcecode.c.objc; path = SDWebImageCompat.m; sourceTree = "<group>"; };
		95E1EECB1D4F23B700C13F30 /* SDWebImageDecoder.h */ = {isa = PBXFileReference; fileEncoding = 4; lastKnownFileType = sourcecode.c.h; path = SDWebImageDecoder.h; sourceTree = "<group>"; };
		95E1EECC1D4F23B700C13F30 /* SDWebImageDecoder.m */ = {isa = PBXFileReference; fileEncoding = 4; lastKnownFileType = sourcecode.c.objc; path = SDWebImageDecoder.m; sourceTree = "<group>"; };
		95E1EECD1D4F23B700C13F30 /* SDWebImageDownloader.h */ = {isa = PBXFileReference; fileEncoding = 4; lastKnownFileType = sourcecode.c.h; path = SDWebImageDownloader.h; sourceTree = "<group>"; };
		95E1EECE1D4F23B700C13F30 /* SDWebImageDownloader.m */ = {isa = PBXFileReference; fileEncoding = 4; lastKnownFileType = sourcecode.c.objc; path = SDWebImageDownloader.m; sourceTree = "<group>"; };
		95E1EECF1D4F23B700C13F30 /* SDWebImageDownloaderOperation.h */ = {isa = PBXFileReference; fileEncoding = 4; lastKnownFileType = sourcecode.c.h; path = SDWebImageDownloaderOperation.h; sourceTree = "<group>"; };
		95E1EED01D4F23B700C13F30 /* SDWebImageDownloaderOperation.m */ = {isa = PBXFileReference; fileEncoding = 4; lastKnownFileType = sourcecode.c.objc; path = SDWebImageDownloaderOperation.m; sourceTree = "<group>"; };
		95E1EED11D4F23B700C13F30 /* SDWebImageManager.h */ = {isa = PBXFileReference; fileEncoding = 4; lastKnownFileType = sourcecode.c.h; path = SDWebImageManager.h; sourceTree = "<group>"; };
		95E1EED21D4F23B700C13F30 /* SDWebImageManager.m */ = {isa = PBXFileReference; fileEncoding = 4; lastKnownFileType = sourcecode.c.objc; path = SDWebImageManager.m; sourceTree = "<group>"; };
		95E1EED31D4F23B700C13F30 /* SDWebImageOperation.h */ = {isa = PBXFileReference; fileEncoding = 4; lastKnownFileType = sourcecode.c.h; path = SDWebImageOperation.h; sourceTree = "<group>"; };
		95E1EED41D4F23B700C13F30 /* SDWebImagePrefetcher.h */ = {isa = PBXFileReference; fileEncoding = 4; lastKnownFileType = sourcecode.c.h; path = SDWebImagePrefetcher.h; sourceTree = "<group>"; };
		95E1EED51D4F23B700C13F30 /* SDWebImagePrefetcher.m */ = {isa = PBXFileReference; fileEncoding = 4; lastKnownFileType = sourcecode.c.objc; path = SDWebImagePrefetcher.m; sourceTree = "<group>"; };
		95E1EED61D4F23B700C13F30 /* UIButton+WebCache.h */ = {isa = PBXFileReference; fileEncoding = 4; lastKnownFileType = sourcecode.c.h; path = "UIButton+WebCache.h"; sourceTree = "<group>"; };
		95E1EED71D4F23B700C13F30 /* UIButton+WebCache.m */ = {isa = PBXFileReference; fileEncoding = 4; lastKnownFileType = sourcecode.c.objc; path = "UIButton+WebCache.m"; sourceTree = "<group>"; };
		95E1EED81D4F23B700C13F30 /* UIImage+GIF.h */ = {isa = PBXFileReference; fileEncoding = 4; lastKnownFileType = sourcecode.c.h; path = "UIImage+GIF.h"; sourceTree = "<group>"; };
		95E1EED91D4F23B700C13F30 /* UIImage+GIF.m */ = {isa = PBXFileReference; fileEncoding = 4; lastKnownFileType = sourcecode.c.objc; path = "UIImage+GIF.m"; sourceTree = "<group>"; };
		95E1EEDA1D4F23B700C13F30 /* UIImage+MultiFormat.h */ = {isa = PBXFileReference; fileEncoding = 4; lastKnownFileType = sourcecode.c.h; path = "UIImage+MultiFormat.h"; sourceTree = "<group>"; };
		95E1EEDB1D4F23B700C13F30 /* UIImage+MultiFormat.m */ = {isa = PBXFileReference; fileEncoding = 4; lastKnownFileType = sourcecode.c.objc; path = "UIImage+MultiFormat.m"; sourceTree = "<group>"; };
		95E1EEDC1D4F23B700C13F30 /* UIImage+WebP.h */ = {isa = PBXFileReference; fileEncoding = 4; lastKnownFileType = sourcecode.c.h; path = "UIImage+WebP.h"; sourceTree = "<group>"; };
		95E1EEDD1D4F23B700C13F30 /* UIImage+WebP.m */ = {isa = PBXFileReference; fileEncoding = 4; lastKnownFileType = sourcecode.c.objc; path = "UIImage+WebP.m"; sourceTree = "<group>"; };
		95E1EEDE1D4F23B700C13F30 /* UIImageView+HighlightedWebCache.h */ = {isa = PBXFileReference; fileEncoding = 4; lastKnownFileType = sourcecode.c.h; path = "UIImageView+HighlightedWebCache.h"; sourceTree = "<group>"; };
		95E1EEDF1D4F23B700C13F30 /* UIImageView+HighlightedWebCache.m */ = {isa = PBXFileReference; fileEncoding = 4; lastKnownFileType = sourcecode.c.objc; path = "UIImageView+HighlightedWebCache.m"; sourceTree = "<group>"; };
		95E1EEE01D4F23B700C13F30 /* UIImageView+WebCache.h */ = {isa = PBXFileReference; fileEncoding = 4; lastKnownFileType = sourcecode.c.h; path = "UIImageView+WebCache.h"; sourceTree = "<group>"; };
		95E1EEE11D4F23B700C13F30 /* UIImageView+WebCache.m */ = {isa = PBXFileReference; fileEncoding = 4; lastKnownFileType = sourcecode.c.objc; path = "UIImageView+WebCache.m"; sourceTree = "<group>"; };
		95E1EEE21D4F23B700C13F30 /* UIView+WebCacheOperation.h */ = {isa = PBXFileReference; fileEncoding = 4; lastKnownFileType = sourcecode.c.h; path = "UIView+WebCacheOperation.h"; sourceTree = "<group>"; };
		95E1EEE31D4F23B700C13F30 /* UIView+WebCacheOperation.m */ = {isa = PBXFileReference; fileEncoding = 4; lastKnownFileType = sourcecode.c.objc; path = "UIView+WebCacheOperation.m"; sourceTree = "<group>"; };
		95E1EEE51D4F23B700C13F30 /* SVIndefiniteAnimatedView.h */ = {isa = PBXFileReference; fileEncoding = 4; lastKnownFileType = sourcecode.c.h; path = SVIndefiniteAnimatedView.h; sourceTree = "<group>"; };
		95E1EEE61D4F23B700C13F30 /* SVIndefiniteAnimatedView.m */ = {isa = PBXFileReference; fileEncoding = 4; lastKnownFileType = sourcecode.c.objc; path = SVIndefiniteAnimatedView.m; sourceTree = "<group>"; };
		95E1EEE71D4F23B700C13F30 /* SVProgressAnimatedView.h */ = {isa = PBXFileReference; fileEncoding = 4; lastKnownFileType = sourcecode.c.h; path = SVProgressAnimatedView.h; sourceTree = "<group>"; };
		95E1EEE81D4F23B700C13F30 /* SVProgressAnimatedView.m */ = {isa = PBXFileReference; fileEncoding = 4; lastKnownFileType = sourcecode.c.objc; path = SVProgressAnimatedView.m; sourceTree = "<group>"; };
		95E1EEE91D4F23B700C13F30 /* SVProgressHUD-Prefix.pch */ = {isa = PBXFileReference; fileEncoding = 4; lastKnownFileType = sourcecode.c.h; path = "SVProgressHUD-Prefix.pch"; sourceTree = "<group>"; };
		95E1EEEA1D4F23B700C13F30 /* SVProgressHUD.bundle */ = {isa = PBXFileReference; lastKnownFileType = "wrapper.plug-in"; path = SVProgressHUD.bundle; sourceTree = "<group>"; };
		95E1EEEB1D4F23B700C13F30 /* SVProgressHUD.h */ = {isa = PBXFileReference; fileEncoding = 4; lastKnownFileType = sourcecode.c.h; path = SVProgressHUD.h; sourceTree = "<group>"; };
		95E1EEEC1D4F23B700C13F30 /* SVProgressHUD.m */ = {isa = PBXFileReference; fileEncoding = 4; lastKnownFileType = sourcecode.c.objc; path = SVProgressHUD.m; sourceTree = "<group>"; };
		95E1EEED1D4F23B700C13F30 /* SVRadialGradientLayer.h */ = {isa = PBXFileReference; fileEncoding = 4; lastKnownFileType = sourcecode.c.h; path = SVRadialGradientLayer.h; sourceTree = "<group>"; };
		95E1EEEE1D4F23B700C13F30 /* SVRadialGradientLayer.m */ = {isa = PBXFileReference; fileEncoding = 4; lastKnownFileType = sourcecode.c.objc; path = SVRadialGradientLayer.m; sourceTree = "<group>"; };
		95E1EF0F1D4F2ECF00C13F30 /* Meituan-PrefixHeader.pch */ = {isa = PBXFileReference; lastKnownFileType = sourcecode.c.h; path = "Meituan-PrefixHeader.pch"; sourceTree = "<group>"; };
		95E1EF141D4F3DDF00C13F30 /* ZShopViewController.h */ = {isa = PBXFileReference; fileEncoding = 4; lastKnownFileType = sourcecode.c.h; path = ZShopViewController.h; sourceTree = "<group>"; };
		95E1EF151D4F3DDF00C13F30 /* ZShopViewController.m */ = {isa = PBXFileReference; fileEncoding = 4; lastKnownFileType = sourcecode.c.objc; path = ZShopViewController.m; sourceTree = "<group>"; };
		95E1EF181D4F418F00C13F30 /* ZBaseViewController.h */ = {isa = PBXFileReference; fileEncoding = 4; lastKnownFileType = sourcecode.c.h; path = ZBaseViewController.h; sourceTree = "<group>"; };
		95E1EF191D4F418F00C13F30 /* ZBaseViewController.m */ = {isa = PBXFileReference; fileEncoding = 4; lastKnownFileType = sourcecode.c.objc; path = ZBaseViewController.m; sourceTree = "<group>"; };
		95E1EF1B1D4F419A00C13F30 /* ZBaseView.h */ = {isa = PBXFileReference; fileEncoding = 4; lastKnownFileType = sourcecode.c.h; path = ZBaseView.h; sourceTree = "<group>"; };
		95E1EF1C1D4F419A00C13F30 /* ZBaseView.m */ = {isa = PBXFileReference; fileEncoding = 4; lastKnownFileType = sourcecode.c.objc; path = ZBaseView.m; sourceTree = "<group>"; };
/* End PBXFileReference section */

/* Begin PBXFrameworksBuildPhase section */
		95E1EE891D4F008800C13F30 /* Frameworks */ = {
			isa = PBXFrameworksBuildPhase;
			buildActionMask = 2147483647;
			files = (
			);
			runOnlyForDeploymentPostprocessing = 0;
		};
/* End PBXFrameworksBuildPhase section */

/* Begin PBXGroup section */
		95E1EE831D4F008800C13F30 = {
			isa = PBXGroup;
			children = (
				95E1EEA61D4F23B700C13F30 /* ThirdLib */,
				95E1EE8E1D4F008800C13F30 /* 02-美团外卖 */,
				95E1EE8D1D4F008800C13F30 /* Products */,
			);
			sourceTree = "<group>";
		};
		95E1EE8D1D4F008800C13F30 /* Products */ = {
			isa = PBXGroup;
			children = (
				95E1EE8C1D4F008800C13F30 /* 02-美团外卖.app */,
			);
			name = Products;
			sourceTree = "<group>";
		};
		95E1EE8E1D4F008800C13F30 /* 02-美团外卖 */ = {
			isa = PBXGroup;
			children = (
				95E1EF101D4F3BBE00C13F30 /* Classes */,
				95E1EE921D4F008800C13F30 /* AppDelegate.h */,
				95E1EE931D4F008800C13F30 /* AppDelegate.m */,
				95E1EE981D4F008800C13F30 /* Main.storyboard */,
				95E1EE9B1D4F008800C13F30 /* Assets.xcassets */,
				95E1EE9D1D4F008800C13F30 /* LaunchScreen.storyboard */,
				95E1EEA01D4F008800C13F30 /* Info.plist */,
				95E1EE8F1D4F008800C13F30 /* Supporting Files */,
			);
			path = "02-美团外卖";
			sourceTree = "<group>";
		};
		95E1EE8F1D4F008800C13F30 /* Supporting Files */ = {
			isa = PBXGroup;
			children = (
				95E1EF0F1D4F2ECF00C13F30 /* Meituan-PrefixHeader.pch */,
				95E1EE901D4F008800C13F30 /* main.m */,
			);
			name = "Supporting Files";
			sourceTree = "<group>";
		};
		95E1EEA61D4F23B700C13F30 /* ThirdLib */ = {
			isa = PBXGroup;
			children = (
				95E1EEA71D4F23B700C13F30 /* Masonry */,
				95E1EEC21D4F23B700C13F30 /* SDWebImage */,
				95E1EEE41D4F23B700C13F30 /* SVProgressHUD */,
			);
			path = ThirdLib;
			sourceTree = "<group>";
		};
		95E1EEA71D4F23B700C13F30 /* Masonry */ = {
			isa = PBXGroup;
			children = (
				95E1EEA81D4F23B700C13F30 /* Info.plist */,
				95E1EEA91D4F23B700C13F30 /* MASCompositeConstraint.h */,
				95E1EEAA1D4F23B700C13F30 /* MASCompositeConstraint.m */,
				95E1EEAB1D4F23B700C13F30 /* MASConstraint+Private.h */,
				95E1EEAC1D4F23B700C13F30 /* MASConstraint.h */,
				95E1EEAD1D4F23B700C13F30 /* MASConstraint.m */,
				95E1EEAE1D4F23B700C13F30 /* MASConstraintMaker.h */,
				95E1EEAF1D4F23B700C13F30 /* MASConstraintMaker.m */,
				95E1EEB01D4F23B700C13F30 /* MASLayoutConstraint.h */,
				95E1EEB11D4F23B700C13F30 /* MASLayoutConstraint.m */,
				95E1EEB21D4F23B700C13F30 /* Masonry.h */,
				95E1EEB31D4F23B700C13F30 /* MASUtilities.h */,
				95E1EEB41D4F23B700C13F30 /* MASViewAttribute.h */,
				95E1EEB51D4F23B700C13F30 /* MASViewAttribute.m */,
				95E1EEB61D4F23B700C13F30 /* MASViewConstraint.h */,
				95E1EEB71D4F23B700C13F30 /* MASViewConstraint.m */,
				95E1EEB81D4F23B700C13F30 /* NSArray+MASAdditions.h */,
				95E1EEB91D4F23B700C13F30 /* NSArray+MASAdditions.m */,
				95E1EEBA1D4F23B700C13F30 /* NSArray+MASShorthandAdditions.h */,
				95E1EEBB1D4F23B700C13F30 /* NSLayoutConstraint+MASDebugAdditions.h */,
				95E1EEBC1D4F23B700C13F30 /* NSLayoutConstraint+MASDebugAdditions.m */,
				95E1EEBD1D4F23B700C13F30 /* View+MASAdditions.h */,
				95E1EEBE1D4F23B700C13F30 /* View+MASAdditions.m */,
				95E1EEBF1D4F23B700C13F30 /* View+MASShorthandAdditions.h */,
				95E1EEC01D4F23B700C13F30 /* ViewController+MASAdditions.h */,
				95E1EEC11D4F23B700C13F30 /* ViewController+MASAdditions.m */,
			);
			path = Masonry;
			sourceTree = "<group>";
		};
		95E1EEC21D4F23B700C13F30 /* SDWebImage */ = {
			isa = PBXGroup;
			children = (
				95E1EEC31D4F23B700C13F30 /* MKAnnotationView+WebCache.h */,
				95E1EEC41D4F23B700C13F30 /* MKAnnotationView+WebCache.m */,
				95E1EEC51D4F23B700C13F30 /* NSData+ImageContentType.h */,
				95E1EEC61D4F23B700C13F30 /* NSData+ImageContentType.m */,
				95E1EEC71D4F23B700C13F30 /* SDImageCache.h */,
				95E1EEC81D4F23B700C13F30 /* SDImageCache.m */,
				95E1EEC91D4F23B700C13F30 /* SDWebImageCompat.h */,
				95E1EECA1D4F23B700C13F30 /* SDWebImageCompat.m */,
				95E1EECB1D4F23B700C13F30 /* SDWebImageDecoder.h */,
				95E1EECC1D4F23B700C13F30 /* SDWebImageDecoder.m */,
				95E1EECD1D4F23B700C13F30 /* SDWebImageDownloader.h */,
				95E1EECE1D4F23B700C13F30 /* SDWebImageDownloader.m */,
				95E1EECF1D4F23B700C13F30 /* SDWebImageDownloaderOperation.h */,
				95E1EED01D4F23B700C13F30 /* SDWebImageDownloaderOperation.m */,
				95E1EED11D4F23B700C13F30 /* SDWebImageManager.h */,
				95E1EED21D4F23B700C13F30 /* SDWebImageManager.m */,
				95E1EED31D4F23B700C13F30 /* SDWebImageOperation.h */,
				95E1EED41D4F23B700C13F30 /* SDWebImagePrefetcher.h */,
				95E1EED51D4F23B700C13F30 /* SDWebImagePrefetcher.m */,
				95E1EED61D4F23B700C13F30 /* UIButton+WebCache.h */,
				95E1EED71D4F23B700C13F30 /* UIButton+WebCache.m */,
				95E1EED81D4F23B700C13F30 /* UIImage+GIF.h */,
				95E1EED91D4F23B700C13F30 /* UIImage+GIF.m */,
				95E1EEDA1D4F23B700C13F30 /* UIImage+MultiFormat.h */,
				95E1EEDB1D4F23B700C13F30 /* UIImage+MultiFormat.m */,
				95E1EEDC1D4F23B700C13F30 /* UIImage+WebP.h */,
				95E1EEDD1D4F23B700C13F30 /* UIImage+WebP.m */,
				95E1EEDE1D4F23B700C13F30 /* UIImageView+HighlightedWebCache.h */,
				95E1EEDF1D4F23B700C13F30 /* UIImageView+HighlightedWebCache.m */,
				95E1EEE01D4F23B700C13F30 /* UIImageView+WebCache.h */,
				95E1EEE11D4F23B700C13F30 /* UIImageView+WebCache.m */,
				95E1EEE21D4F23B700C13F30 /* UIView+WebCacheOperation.h */,
				95E1EEE31D4F23B700C13F30 /* UIView+WebCacheOperation.m */,
			);
			path = SDWebImage;
			sourceTree = "<group>";
		};
		95E1EEE41D4F23B700C13F30 /* SVProgressHUD */ = {
			isa = PBXGroup;
			children = (
				95E1EEE51D4F23B700C13F30 /* SVIndefiniteAnimatedView.h */,
				95E1EEE61D4F23B700C13F30 /* SVIndefiniteAnimatedView.m */,
				95E1EEE71D4F23B700C13F30 /* SVProgressAnimatedView.h */,
				95E1EEE81D4F23B700C13F30 /* SVProgressAnimatedView.m */,
				95E1EEE91D4F23B700C13F30 /* SVProgressHUD-Prefix.pch */,
				95E1EEEA1D4F23B700C13F30 /* SVProgressHUD.bundle */,
				95E1EEEB1D4F23B700C13F30 /* SVProgressHUD.h */,
				95E1EEEC1D4F23B700C13F30 /* SVProgressHUD.m */,
				95E1EEED1D4F23B700C13F30 /* SVRadialGradientLayer.h */,
				95E1EEEE1D4F23B700C13F30 /* SVRadialGradientLayer.m */,
			);
			path = SVProgressHUD;
			sourceTree = "<group>";
		};
		95E1EF101D4F3BBE00C13F30 /* Classes */ = {
			isa = PBXGroup;
			children = (
				95E1EF171D4F416000C13F30 /* Base */,
				95E1EF111D4F3BBE00C13F30 /* Home */,
				95E1EF121D4F3BBE00C13F30 /* Main */,
				95E1EF131D4F3BBE00C13F30 /* Other */,
			);
			path = Classes;
			sourceTree = "<group>";
		};
		95E1EF111D4F3BBE00C13F30 /* Home */ = {
			isa = PBXGroup;
			children = (
				95E1EF141D4F3DDF00C13F30 /* ZShopViewController.h */,
				95E1EF151D4F3DDF00C13F30 /* ZShopViewController.m */,
			);
			path = Home;
			sourceTree = "<group>";
		};
		95E1EF121D4F3BBE00C13F30 /* Main */ = {
			isa = PBXGroup;
			children = (
			);
			path = Main;
			sourceTree = "<group>";
		};
		95E1EF131D4F3BBE00C13F30 /* Other */ = {
			isa = PBXGroup;
			children = (
				95E1EE951D4F008800C13F30 /* ViewController.h */,
				95E1EE961D4F008800C13F30 /* ViewController.m */,
			);
			path = Other;
			sourceTree = "<group>";
		};
		95E1EF171D4F416000C13F30 /* Base */ = {
			isa = PBXGroup;
			children = (
				95E1EF181D4F418F00C13F30 /* ZBaseViewController.h */,
				95E1EF191D4F418F00C13F30 /* ZBaseViewController.m */,
				95E1EF1B1D4F419A00C13F30 /* ZBaseView.h */,
				95E1EF1C1D4F419A00C13F30 /* ZBaseView.m */,
			);
			path = Base;
			sourceTree = "<group>";
		};
/* End PBXGroup section */

/* Begin PBXNativeTarget section */
		95E1EE8B1D4F008800C13F30 /* 02-美团外卖 */ = {
			isa = PBXNativeTarget;
			buildConfigurationList = 95E1EEA31D4F008800C13F30 /* Build configuration list for PBXNativeTarget "02-美团外卖" */;
			buildPhases = (
				95E1EE881D4F008800C13F30 /* Sources */,
				95E1EE891D4F008800C13F30 /* Frameworks */,
				95E1EE8A1D4F008800C13F30 /* Resources */,
			);
			buildRules = (
			);
			dependencies = (
			);
			name = "02-美团外卖";
			productName = "02-美团外卖";
			productReference = 95E1EE8C1D4F008800C13F30 /* 02-美团外卖.app */;
			productType = "com.apple.product-type.application";
		};
/* End PBXNativeTarget section */

/* Begin PBXProject section */
		95E1EE841D4F008800C13F30 /* Project object */ = {
			isa = PBXProject;
			attributes = {
				LastUpgradeCheck = 0730;
				ORGANIZATIONNAME = itHeima;
				TargetAttributes = {
					95E1EE8B1D4F008800C13F30 = {
						CreatedOnToolsVersion = 7.3.1;
						DevelopmentTeam = YVYW5B4QC4;
					};
				};
			};
			buildConfigurationList = 95E1EE871D4F008800C13F30 /* Build configuration list for PBXProject "02-美团外卖" */;
			compatibilityVersion = "Xcode 3.2";
			developmentRegion = English;
			hasScannedForEncodings = 0;
			knownRegions = (
				en,
				Base,
			);
			mainGroup = 95E1EE831D4F008800C13F30;
			productRefGroup = 95E1EE8D1D4F008800C13F30 /* Products */;
			projectDirPath = "";
			projectRoot = "";
			targets = (
				95E1EE8B1D4F008800C13F30 /* 02-美团外卖 */,
			);
		};
/* End PBXProject section */

/* Begin PBXResourcesBuildPhase section */
		95E1EE8A1D4F008800C13F30 /* Resources */ = {
			isa = PBXResourcesBuildPhase;
			buildActionMask = 2147483647;
			files = (
				95E1EF0C1D4F23B700C13F30 /* SVProgressHUD.bundle in Resources */,
				95E1EEEF1D4F23B700C13F30 /* Info.plist in Resources */,
				95E1EE9F1D4F008800C13F30 /* LaunchScreen.storyboard in Resources */,
				95E1EE9C1D4F008800C13F30 /* Assets.xcassets in Resources */,
				95E1EE9A1D4F008800C13F30 /* Main.storyboard in Resources */,
			);
			runOnlyForDeploymentPostprocessing = 0;
		};
/* End PBXResourcesBuildPhase section */

/* Begin PBXSourcesBuildPhase section */
		95E1EE881D4F008800C13F30 /* Sources */ = {
			isa = PBXSourcesBuildPhase;
			buildActionMask = 2147483647;
			files = (
				95E1EEF71D4F23B700C13F30 /* NSLayoutConstraint+MASDebugAdditions.m in Sources */,
				95E1EF061D4F23B700C13F30 /* UIImage+WebP.m in Sources */,
				95E1EEF51D4F23B700C13F30 /* MASViewConstraint.m in Sources */,
				95E1EEF01D4F23B700C13F30 /* MASCompositeConstraint.m in Sources */,
				95E1EEF61D4F23B700C13F30 /* NSArray+MASAdditions.m in Sources */,
				95E1EF0A1D4F23B700C13F30 /* SVIndefiniteAnimatedView.m in Sources */,
				95E1EE971D4F008800C13F30 /* ViewController.m in Sources */,
				95E1EE941D4F008800C13F30 /* AppDelegate.m in Sources */,
				95E1EF001D4F23B700C13F30 /* SDWebImageDownloaderOperation.m in Sources */,
				95E1EF0D1D4F23B700C13F30 /* SVProgressHUD.m in Sources */,
				95E1EF0E1D4F23B700C13F30 /* SVRadialGradientLayer.m in Sources */,
				95E1EEF31D4F23B700C13F30 /* MASLayoutConstraint.m in Sources */,
				95E1EF1A1D4F418F00C13F30 /* ZBaseViewController.m in Sources */,
				95E1EEFC1D4F23B700C13F30 /* SDImageCache.m in Sources */,
				95E1EE911D4F008800C13F30 /* main.m in Sources */,
				95E1EEF91D4F23B700C13F30 /* ViewController+MASAdditions.m in Sources */,
				95E1EEF81D4F23B700C13F30 /* View+MASAdditions.m in Sources */,
				95E1EEFD1D4F23B700C13F30 /* SDWebImageCompat.m in Sources */,
				95E1EEFB1D4F23B700C13F30 /* NSData+ImageContentType.m in Sources */,
				95E1EEF41D4F23B700C13F30 /* MASViewAttribute.m in Sources */,
				95E1EF011D4F23B700C13F30 /* SDWebImageManager.m in Sources */,
				95E1EEFF1D4F23B700C13F30 /* SDWebImageDownloader.m in Sources */,
				95E1EF081D4F23B700C13F30 /* UIImageView+WebCache.m in Sources */,
				95E1EF071D4F23B700C13F30 /* UIImageView+HighlightedWebCache.m in Sources */,
				95E1EEFA1D4F23B700C13F30 /* MKAnnotationView+WebCache.m in Sources */,
				95E1EF041D4F23B700C13F30 /* UIImage+GIF.m in Sources */,
				95E1EEF11D4F23B700C13F30 /* MASConstraint.m in Sources */,
				95E1EF021D4F23B700C13F30 /* SDWebImagePrefetcher.m in Sources */,
				95E1EF031D4F23B700C13F30 /* UIButton+WebCache.m in Sources */,
				95E1EF051D4F23B700C13F30 /* UIImage+MultiFormat.m in Sources */,
				95E1EF1D1D4F419A00C13F30 /* ZBaseView.m in Sources */,
				95E1EEFE1D4F23B700C13F30 /* SDWebImageDecoder.m in Sources */,
				95E1EF091D4F23B700C13F30 /* UIView+WebCacheOperation.m in Sources */,
				95E1EEF21D4F23B700C13F30 /* MASConstraintMaker.m in Sources */,
				95E1EF0B1D4F23B700C13F30 /* SVProgressAnimatedView.m in Sources */,
				95E1EF161D4F3DDF00C13F30 /* ZShopViewController.m in Sources */,
			);
			runOnlyForDeploymentPostprocessing = 0;
		};
/* End PBXSourcesBuildPhase section */

/* Begin PBXVariantGroup section */
		95E1EE981D4F008800C13F30 /* Main.storyboard */ = {
			isa = PBXVariantGroup;
			children = (
				95E1EE991D4F008800C13F30 /* Base */,
			);
			name = Main.storyboard;
			sourceTree = "<group>";
		};
		95E1EE9D1D4F008800C13F30 /* LaunchScreen.storyboard */ = {
			isa = PBXVariantGroup;
			children = (
				95E1EE9E1D4F008800C13F30 /* Base */,
			);
			name = LaunchScreen.storyboard;
			sourceTree = "<group>";
		};
/* End PBXVariantGroup section */

/* Begin XCBuildConfiguration section */
		95E1EEA11D4F008800C13F30 /* Debug */ = {
			isa = XCBuildConfiguration;
			buildSettings = {
				ALWAYS_SEARCH_USER_PATHS = NO;
				CLANG_ANALYZER_NONNULL = YES;
				CLANG_CXX_LANGUAGE_STANDARD = "gnu++0x";
				CLANG_CXX_LIBRARY = "libc++";
				CLANG_ENABLE_MODULES = YES;
				CLANG_ENABLE_OBJC_ARC = YES;
				CLANG_WARN_BOOL_CONVERSION = YES;
				CLANG_WARN_CONSTANT_CONVERSION = YES;
				CLANG_WARN_DIRECT_OBJC_ISA_USAGE = YES_ERROR;
				CLANG_WARN_EMPTY_BODY = YES;
				CLANG_WARN_ENUM_CONVERSION = YES;
				CLANG_WARN_INT_CONVERSION = YES;
				CLANG_WARN_OBJC_ROOT_CLASS = YES_ERROR;
				CLANG_WARN_UNREACHABLE_CODE = YES;
				CLANG_WARN__DUPLICATE_METHOD_MATCH = YES;
				"CODE_SIGN_IDENTITY[sdk=iphoneos*]" = "iPhone Developer";
				COPY_PHASE_STRIP = NO;
				DEBUG_INFORMATION_FORMAT = dwarf;
				ENABLE_STRICT_OBJC_MSGSEND = YES;
				ENABLE_TESTABILITY = YES;
				GCC_C_LANGUAGE_STANDARD = gnu99;
				GCC_DYNAMIC_NO_PIC = NO;
				GCC_NO_COMMON_BLOCKS = YES;
				GCC_OPTIMIZATION_LEVEL = 0;
				GCC_PREPROCESSOR_DEFINITIONS = (
					"DEBUG=1",
					"$(inherited)",
				);
				GCC_WARN_64_TO_32_BIT_CONVERSION = YES;
				GCC_WARN_ABOUT_RETURN_TYPE = YES_ERROR;
				GCC_WARN_UNDECLARED_SELECTOR = YES;
				GCC_WARN_UNINITIALIZED_AUTOS = YES_AGGRESSIVE;
				GCC_WARN_UNUSED_FUNCTION = YES;
				GCC_WARN_UNUSED_VARIABLE = YES;
				IPHONEOS_DEPLOYMENT_TARGET = 9.3;
				MTL_ENABLE_DEBUG_INFO = YES;
				ONLY_ACTIVE_ARCH = YES;
				SDKROOT = iphoneos;
				TARGETED_DEVICE_FAMILY = "1,2";
			};
			name = Debug;
		};
		95E1EEA21D4F008800C13F30 /* Release */ = {
			isa = XCBuildConfiguration;
			buildSettings = {
				ALWAYS_SEARCH_USER_PATHS = NO;
				CLANG_ANALYZER_NONNULL = YES;
				CLANG_CXX_LANGUAGE_STANDARD = "gnu++0x";
				CLANG_CXX_LIBRARY = "libc++";
				CLANG_ENABLE_MODULES = YES;
				CLANG_ENABLE_OBJC_ARC = YES;
				CLANG_WARN_BOOL_CONVERSION = YES;
				CLANG_WARN_CONSTANT_CONVERSION = YES;
				CLANG_WARN_DIRECT_OBJC_ISA_USAGE = YES_ERROR;
				CLANG_WARN_EMPTY_BODY = YES;
				CLANG_WARN_ENUM_CONVERSION = YES;
				CLANG_WARN_INT_CONVERSION = YES;
				CLANG_WARN_OBJC_ROOT_CLASS = YES_ERROR;
				CLANG_WARN_UNREACHABLE_CODE = YES;
				CLANG_WARN__DUPLICATE_METHOD_MATCH = YES;
				"CODE_SIGN_IDENTITY[sdk=iphoneos*]" = "iPhone Developer";
				COPY_PHASE_STRIP = NO;
				DEBUG_INFORMATION_FORMAT = "dwarf-with-dsym";
				ENABLE_NS_ASSERTIONS = NO;
				ENABLE_STRICT_OBJC_MSGSEND = YES;
				GCC_C_LANGUAGE_STANDARD = gnu99;
				GCC_NO_COMMON_BLOCKS = YES;
				GCC_WARN_64_TO_32_BIT_CONVERSION = YES;
				GCC_WARN_ABOUT_RETURN_TYPE = YES_ERROR;
				GCC_WARN_UNDECLARED_SELECTOR = YES;
				GCC_WARN_UNINITIALIZED_AUTOS = YES_AGGRESSIVE;
				GCC_WARN_UNUSED_FUNCTION = YES;
				GCC_WARN_UNUSED_VARIABLE = YES;
				IPHONEOS_DEPLOYMENT_TARGET = 9.3;
				MTL_ENABLE_DEBUG_INFO = NO;
				SDKROOT = iphoneos;
				TARGETED_DEVICE_FAMILY = "1,2";
				VALIDATE_PRODUCT = YES;
			};
			name = Release;
		};
		95E1EEA41D4F008800C13F30 /* Debug */ = {
			isa = XCBuildConfiguration;
			buildSettings = {
				ASSETCATALOG_COMPILER_APPICON_NAME = AppIcon;
				CODE_SIGN_IDENTITY = "iPhone Developer";
				GCC_PREFIX_HEADER = "$(SRCROOT)/$(PROJECT)/Meituan-PrefixHeader.pch";
				INFOPLIST_FILE = "02-美团外卖/Info.plist";
				LD_RUNPATH_SEARCH_PATHS = "$(inherited) @executable_path/Frameworks";
				PRODUCT_BUNDLE_IDENTIFIER = "com.itheima.-2-----";
				PRODUCT_NAME = "$(TARGET_NAME)";
			};
			name = Debug;
		};
		95E1EEA51D4F008800C13F30 /* Release */ = {
			isa = XCBuildConfiguration;
			buildSettings = {
				ASSETCATALOG_COMPILER_APPICON_NAME = AppIcon;
				CODE_SIGN_IDENTITY = "iPhone Developer";
				GCC_PREFIX_HEADER = "$(SRCROOT)/$(PROJECT)/Meituan-PrefixHeader.pch";
				INFOPLIST_FILE = "02-美团外卖/Info.plist";
				LD_RUNPATH_SEARCH_PATHS = "$(inherited) @executable_path/Frameworks";
				PRODUCT_BUNDLE_IDENTIFIER = "com.itheima.-2-----";
				PRODUCT_NAME = "$(TARGET_NAME)";
			};
			name = Release;
		};
/* End XCBuildConfiguration section */

/* Begin XCConfigurationList section */
		95E1EE871D4F008800C13F30 /* Build configuration list for PBXProject "02-美团外卖" */ = {
			isa = XCConfigurationList;
			buildConfigurations = (
				95E1EEA11D4F008800C13F30 /* Debug */,
				95E1EEA21D4F008800C13F30 /* Release */,
			);
			defaultConfigurationIsVisible = 0;
			defaultConfigurationName = Release;
		};
		95E1EEA31D4F008800C13F30 /* Build configuration list for PBXNativeTarget "02-美团外卖" */ = {
			isa = XCConfigurationList;
			buildConfigurations = (
				95E1EEA41D4F008800C13F30 /* Debug */,
				95E1EEA51D4F008800C13F30 /* Release */,
			);
			defaultConfigurationIsVisible = 0;
		};
/* End XCConfigurationList section */
	};
	rootObject = 95E1EE841D4F008800C13F30 /* Project object */;
}
