// !$*UTF8*$!
{
	archiveVersion = 1;
	classes = {
	};
	objectVersion = 46;
	objects = {

/* Begin PBXBuildFile section */
		95CD89F91D4F8E6100BD16AA /* UIButton+ZUtilities.m in Sources */ = {isa = PBXBuildFile; fileRef = 95CD89F81D4F8E6100BD16AA /* UIButton+ZUtilities.m */; };
		95D862FB1D5638E200C6EB14 /* ZShopFoodHeaderView.m in Sources */ = {isa = PBXBuildFile; fileRef = 95D862FA1D5638E200C6EB14 /* ZShopFoodHeaderView.m */; };
		95D862FE1D563B5E00C6EB14 /* UILabel+ZUtilities.m in Sources */ = {isa = PBXBuildFile; fileRef = 95D862FD1D563B5E00C6EB14 /* UILabel+ZUtilities.m */; };
		95E1EE911D4F008800C13F30 /* main.m in Sources */ = {isa = PBXBuildFile; fileRef = 95E1EE901D4F008800C13F30 /* main.m */; };
		95E1EE941D4F008800C13F30 /* AppDelegate.m in Sources */ = {isa = PBXBuildFile; fileRef = 95E1EE931D4F008800C13F30 /* AppDelegate.m */; };
		95E1EE971D4F008800C13F30 /* ViewController.m in Sources */ = {isa = PBXBuildFile; fileRef = 95E1EE961D4F008800C13F30 /* ViewController.m */; };
		95E1EE9A1D4F008800C13F30 /* Main.storyboard in Resources */ = {isa = PBXBuildFile; fileRef = 95E1EE981D4F008800C13F30 /* Main.storyboard */; };
		95E1EE9C1D4F008800C13F30 /* Assets.xcassets in Resources */ = {isa = PBXBuildFile; fileRef = 95E1EE9B1D4F008800C13F30 /* Assets.xcassets */; };
		95E1EE9F1D4F008800C13F30 /* LaunchScreen.storyboard in Resources */ = {isa = PBXBuildFile; fileRef = 95E1EE9D1D4F008800C13F30 /* LaunchScreen.storyboard */; };
		95E1EF1A1D4F418F00C13F30 /* ZBaseViewController.m in Sources */ = {isa = PBXBuildFile; fileRef = 95E1EF191D4F418F00C13F30 /* ZBaseViewController.m */; };
		95E1EF1D1D4F419A00C13F30 /* ZBaseView.m in Sources */ = {isa = PBXBuildFile; fileRef = 95E1EF1C1D4F419A00C13F30 /* ZBaseView.m */; };
		95E1EF6B1D4F772D00C13F30 /* Info.plist in Resources */ = {isa = PBXBuildFile; fileRef = 95E1EF241D4F772D00C13F30 /* Info.plist */; };
		95E1EF6C1D4F772D00C13F30 /* MASCompositeConstraint.m in Sources */ = {isa = PBXBuildFile; fileRef = 95E1EF261D4F772D00C13F30 /* MASCompositeConstraint.m */; };
		95E1EF6D1D4F772D00C13F30 /* MASConstraint.m in Sources */ = {isa = PBXBuildFile; fileRef = 95E1EF291D4F772D00C13F30 /* MASConstraint.m */; };
		95E1EF6E1D4F772D00C13F30 /* MASConstraintMaker.m in Sources */ = {isa = PBXBuildFile; fileRef = 95E1EF2B1D4F772D00C13F30 /* MASConstraintMaker.m */; };
		95E1EF6F1D4F772D00C13F30 /* MASLayoutConstraint.m in Sources */ = {isa = PBXBuildFile; fileRef = 95E1EF2D1D4F772D00C13F30 /* MASLayoutConstraint.m */; };
		95E1EF701D4F772D00C13F30 /* MASViewAttribute.m in Sources */ = {isa = PBXBuildFile; fileRef = 95E1EF311D4F772D00C13F30 /* MASViewAttribute.m */; };
		95E1EF711D4F772D00C13F30 /* MASViewConstraint.m in Sources */ = {isa = PBXBuildFile; fileRef = 95E1EF331D4F772D00C13F30 /* MASViewConstraint.m */; };
		95E1EF721D4F772D00C13F30 /* NSArray+MASAdditions.m in Sources */ = {isa = PBXBuildFile; fileRef = 95E1EF351D4F772D00C13F30 /* NSArray+MASAdditions.m */; };
		95E1EF731D4F772D00C13F30 /* NSLayoutConstraint+MASDebugAdditions.m in Sources */ = {isa = PBXBuildFile; fileRef = 95E1EF381D4F772D00C13F30 /* NSLayoutConstraint+MASDebugAdditions.m */; };
		95E1EF741D4F772D00C13F30 /* View+MASAdditions.m in Sources */ = {isa = PBXBuildFile; fileRef = 95E1EF3A1D4F772D00C13F30 /* View+MASAdditions.m */; };
		95E1EF751D4F772D00C13F30 /* ViewController+MASAdditions.m in Sources */ = {isa = PBXBuildFile; fileRef = 95E1EF3D1D4F772D00C13F30 /* ViewController+MASAdditions.m */; };
		95E1EF761D4F772D00C13F30 /* MKAnnotationView+WebCache.m in Sources */ = {isa = PBXBuildFile; fileRef = 95E1EF401D4F772D00C13F30 /* MKAnnotationView+WebCache.m */; };
		95E1EF771D4F772D00C13F30 /* NSData+ImageContentType.m in Sources */ = {isa = PBXBuildFile; fileRef = 95E1EF421D4F772D00C13F30 /* NSData+ImageContentType.m */; };
		95E1EF781D4F772D00C13F30 /* SDImageCache.m in Sources */ = {isa = PBXBuildFile; fileRef = 95E1EF441D4F772D00C13F30 /* SDImageCache.m */; };
		95E1EF791D4F772D00C13F30 /* SDWebImageCompat.m in Sources */ = {isa = PBXBuildFile; fileRef = 95E1EF461D4F772D00C13F30 /* SDWebImageCompat.m */; };
		95E1EF7A1D4F772D00C13F30 /* SDWebImageDecoder.m in Sources */ = {isa = PBXBuildFile; fileRef = 95E1EF481D4F772D00C13F30 /* SDWebImageDecoder.m */; };
		95E1EF7B1D4F772D00C13F30 /* SDWebImageDownloader.m in Sources */ = {isa = PBXBuildFile; fileRef = 95E1EF4A1D4F772D00C13F30 /* SDWebImageDownloader.m */; };
		95E1EF7C1D4F772D00C13F30 /* SDWebImageDownloaderOperation.m in Sources */ = {isa = PBXBuildFile; fileRef = 95E1EF4C1D4F772D00C13F30 /* SDWebImageDownloaderOperation.m */; };
		95E1EF7D1D4F772D00C13F30 /* SDWebImageManager.m in Sources */ = {isa = PBXBuildFile; fileRef = 95E1EF4E1D4F772D00C13F30 /* SDWebImageManager.m */; };
		95E1EF7E1D4F772D00C13F30 /* SDWebImagePrefetcher.m in Sources */ = {isa = PBXBuildFile; fileRef = 95E1EF511D4F772D00C13F30 /* SDWebImagePrefetcher.m */; };
		95E1EF7F1D4F772D00C13F30 /* UIButton+WebCache.m in Sources */ = {isa = PBXBuildFile; fileRef = 95E1EF531D4F772D00C13F30 /* UIButton+WebCache.m */; };
		95E1EF801D4F772D00C13F30 /* UIImage+GIF.m in Sources */ = {isa = PBXBuildFile; fileRef = 95E1EF551D4F772D00C13F30 /* UIImage+GIF.m */; };
		95E1EF811D4F772D00C13F30 /* UIImage+MultiFormat.m in Sources */ = {isa = PBXBuildFile; fileRef = 95E1EF571D4F772D00C13F30 /* UIImage+MultiFormat.m */; };
		95E1EF821D4F772D00C13F30 /* UIImage+WebP.m in Sources */ = {isa = PBXBuildFile; fileRef = 95E1EF591D4F772D00C13F30 /* UIImage+WebP.m */; };
		95E1EF831D4F772D00C13F30 /* UIImageView+HighlightedWebCache.m in Sources */ = {isa = PBXBuildFile; fileRef = 95E1EF5B1D4F772D00C13F30 /* UIImageView+HighlightedWebCache.m */; };
		95E1EF841D4F772D00C13F30 /* UIImageView+WebCache.m in Sources */ = {isa = PBXBuildFile; fileRef = 95E1EF5D1D4F772D00C13F30 /* UIImageView+WebCache.m */; };
		95E1EF851D4F772D00C13F30 /* UIView+WebCacheOperation.m in Sources */ = {isa = PBXBuildFile; fileRef = 95E1EF5F1D4F772D00C13F30 /* UIView+WebCacheOperation.m */; };
		95E1EF861D4F772D00C13F30 /* SVIndefiniteAnimatedView.m in Sources */ = {isa = PBXBuildFile; fileRef = 95E1EF621D4F772D00C13F30 /* SVIndefiniteAnimatedView.m */; };
		95E1EF871D4F772D00C13F30 /* SVProgressAnimatedView.m in Sources */ = {isa = PBXBuildFile; fileRef = 95E1EF641D4F772D00C13F30 /* SVProgressAnimatedView.m */; };
		95E1EF881D4F772D00C13F30 /* SVProgressHUD.bundle in Resources */ = {isa = PBXBuildFile; fileRef = 95E1EF661D4F772D00C13F30 /* SVProgressHUD.bundle */; };
		95E1EF891D4F772D00C13F30 /* SVProgressHUD.m in Sources */ = {isa = PBXBuildFile; fileRef = 95E1EF681D4F772D00C13F30 /* SVProgressHUD.m */; };
		95E1EF8A1D4F772D00C13F30 /* SVRadialGradientLayer.m in Sources */ = {isa = PBXBuildFile; fileRef = 95E1EF6A1D4F772D00C13F30 /* SVRadialGradientLayer.m */; };
		95E1EF911D4F785B00C13F30 /* UIColor+ZUtilities.m in Sources */ = {isa = PBXBuildFile; fileRef = 95E1EF901D4F785B00C13F30 /* UIColor+ZUtilities.m */; };
		95E1EF941D4F7F7D00C13F30 /* UIScreen+ZUtilities.m in Sources */ = {isa = PBXBuildFile; fileRef = 95E1EF931D4F7F7D00C13F30 /* UIScreen+ZUtilities.m */; };
		95E1EF971D4F802200C13F30 /* UIView+ZUtilities.m in Sources */ = {isa = PBXBuildFile; fileRef = 95E1EF961D4F802200C13F30 /* UIView+ZUtilities.m */; };
		95E39A691D50D7F700750BD7 /* food.json in Resources */ = {isa = PBXBuildFile; fileRef = 95E39A681D50D7F700750BD7 /* food.json */; };
		95E39A6C1D50E1D200750BD7 /* NSObject+ZDescription.m in Sources */ = {isa = PBXBuildFile; fileRef = 95E39A6B1D50E1D200750BD7 /* NSObject+ZDescription.m */; };
		95E39A9A1D54820000750BD7 /* ZShopCategoryView.m in Sources */ = {isa = PBXBuildFile; fileRef = 95E39A8F1D54820000750BD7 /* ZShopCategoryView.m */; };
		95E39A9B1D54820000750BD7 /* ZShopFoodViewController.m in Sources */ = {isa = PBXBuildFile; fileRef = 95E39A911D54820000750BD7 /* ZShopFoodViewController.m */; };
		95E39A9C1D54820000750BD7 /* ZShopFood.m in Sources */ = {isa = PBXBuildFile; fileRef = 95E39A941D54820000750BD7 /* ZShopFood.m */; };
		95E39A9D1D54820000750BD7 /* ZShopFoodCategory.m in Sources */ = {isa = PBXBuildFile; fileRef = 95E39A961D54820000750BD7 /* ZShopFoodCategory.m */; };
		95E39A9E1D54820000750BD7 /* ZShopViewController.m in Sources */ = {isa = PBXBuildFile; fileRef = 95E39A991D54820000750BD7 /* ZShopViewController.m */; };
		95E39AA11D5482D700750BD7 /* ZShopCommentViewController.m in Sources */ = {isa = PBXBuildFile; fileRef = 95E39AA01D5482D700750BD7 /* ZShopCommentViewController.m */; };
		95E39AA41D5482E400750BD7 /* ZShopSellerViewController.m in Sources */ = {isa = PBXBuildFile; fileRef = 95E39AA31D5482E400750BD7 /* ZShopSellerViewController.m */; };
		95E39AA71D55A12700750BD7 /* ZBaseControl.m in Sources */ = {isa = PBXBuildFile; fileRef = 95E39AA61D55A12700750BD7 /* ZBaseControl.m */; };
		95E39AAE1D561ECA00750BD7 /* ZShopFoodCategoryCell.m in Sources */ = {isa = PBXBuildFile; fileRef = 95E39AAD1D561ECA00750BD7 /* ZShopFoodCategoryCell.m */; };
/* End PBXBuildFile section */

/* Begin PBXFileReference section */
		95CD89F71D4F8E6100BD16AA /* UIButton+ZUtilities.h */ = {isa = PBXFileReference; fileEncoding = 4; lastKnownFileType = sourcecode.c.h; path = "UIButton+ZUtilities.h"; sourceTree = "<group>"; };
		95CD89F81D4F8E6100BD16AA /* UIButton+ZUtilities.m */ = {isa = PBXFileReference; fileEncoding = 4; lastKnownFileType = sourcecode.c.objc; path = "UIButton+ZUtilities.m"; sourceTree = "<group>"; };
		95D862F91D5638E200C6EB14 /* ZShopFoodHeaderView.h */ = {isa = PBXFileReference; fileEncoding = 4; lastKnownFileType = sourcecode.c.h; path = ZShopFoodHeaderView.h; sourceTree = "<group>"; };
		95D862FA1D5638E200C6EB14 /* ZShopFoodHeaderView.m */ = {isa = PBXFileReference; fileEncoding = 4; lastKnownFileType = sourcecode.c.objc; path = ZShopFoodHeaderView.m; sourceTree = "<group>"; };
		95D862FC1D563B5E00C6EB14 /* UILabel+ZUtilities.h */ = {isa = PBXFileReference; fileEncoding = 4; lastKnownFileType = sourcecode.c.h; path = "UILabel+ZUtilities.h"; sourceTree = "<group>"; };
		95D862FD1D563B5E00C6EB14 /* UILabel+ZUtilities.m */ = {isa = PBXFileReference; fileEncoding = 4; lastKnownFileType = sourcecode.c.objc; path = "UILabel+ZUtilities.m"; sourceTree = "<group>"; };
		95E1EE8C1D4F008800C13F30 /* 02-美团外卖.app */ = {isa = PBXFileReference; explicitFileType = wrapper.application; includeInIndex = 0; path = "02-美团外卖.app"; sourceTree = BUILT_PRODUCTS_DIR; };
		95E1EE901D4F008800C13F30 /* main.m */ = {isa = PBXFileReference; lastKnownFileType = sourcecode.c.objc; path = main.m; sourceTree = "<group>"; };
		95E1EE921D4F008800C13F30 /* AppDelegate.h */ = {isa = PBXFileReference; lastKnownFileType = sourcecode.c.h; path = AppDelegate.h; sourceTree = "<group>"; };
		95E1EE931D4F008800C13F30 /* AppDelegate.m */ = {isa = PBXFileReference; lastKnownFileType = sourcecode.c.objc; path = AppDelegate.m; sourceTree = "<group>"; };
		95E1EE951D4F008800C13F30 /* ViewController.h */ = {isa = PBXFileReference; lastKnownFileType = sourcecode.c.h; name = ViewController.h; path = ../../ViewController.h; sourceTree = "<group>"; };
		95E1EE961D4F008800C13F30 /* ViewController.m */ = {isa = PBXFileReference; lastKnownFileType = sourcecode.c.objc; name = ViewController.m; path = ../../ViewController.m; sourceTree = "<group>"; };
		95E1EE991D4F008800C13F30 /* Base */ = {isa = PBXFileReference; lastKnownFileType = file.storyboard; name = Base; path = Base.lproj/Main.storyboard; sourceTree = "<group>"; };
		95E1EE9B1D4F008800C13F30 /* Assets.xcassets */ = {isa = PBXFileReference; lastKnownFileType = folder.assetcatalog; path = Assets.xcassets; sourceTree = "<group>"; };
		95E1EE9E1D4F008800C13F30 /* Base */ = {isa = PBXFileReference; lastKnownFileType = file.storyboard; name = Base; path = Base.lproj/LaunchScreen.storyboard; sourceTree = "<group>"; };
		95E1EEA01D4F008800C13F30 /* Info.plist */ = {isa = PBXFileReference; lastKnownFileType = text.plist.xml; path = Info.plist; sourceTree = "<group>"; };
		95E1EF0F1D4F2ECF00C13F30 /* Meituan-PrefixHeader.pch */ = {isa = PBXFileReference; lastKnownFileType = sourcecode.c.h; path = "Meituan-PrefixHeader.pch"; sourceTree = "<group>"; };
		95E1EF181D4F418F00C13F30 /* ZBaseViewController.h */ = {isa = PBXFileReference; fileEncoding = 4; lastKnownFileType = sourcecode.c.h; path = ZBaseViewController.h; sourceTree = "<group>"; };
		95E1EF191D4F418F00C13F30 /* ZBaseViewController.m */ = {isa = PBXFileReference; fileEncoding = 4; lastKnownFileType = sourcecode.c.objc; path = ZBaseViewController.m; sourceTree = "<group>"; };
		95E1EF1B1D4F419A00C13F30 /* ZBaseView.h */ = {isa = PBXFileReference; fileEncoding = 4; lastKnownFileType = sourcecode.c.h; path = ZBaseView.h; sourceTree = "<group>"; };
		95E1EF1C1D4F419A00C13F30 /* ZBaseView.m */ = {isa = PBXFileReference; fileEncoding = 4; lastKnownFileType = sourcecode.c.objc; path = ZBaseView.m; sourceTree = "<group>"; };
		95E1EF241D4F772D00C13F30 /* Info.plist */ = {isa = PBXFileReference; fileEncoding = 4; lastKnownFileType = text.plist.xml; path = Info.plist; sourceTree = "<group>"; };
		95E1EF251D4F772D00C13F30 /* MASCompositeConstraint.h */ = {isa = PBXFileReference; fileEncoding = 4; lastKnownFileType = sourcecode.c.h; path = MASCompositeConstraint.h; sourceTree = "<group>"; };
		95E1EF261D4F772D00C13F30 /* MASCompositeConstraint.m */ = {isa = PBXFileReference; fileEncoding = 4; lastKnownFileType = sourcecode.c.objc; path = MASCompositeConstraint.m; sourceTree = "<group>"; };
		95E1EF271D4F772D00C13F30 /* MASConstraint+Private.h */ = {isa = PBXFileReference; fileEncoding = 4; lastKnownFileType = sourcecode.c.h; path = "MASConstraint+Private.h"; sourceTree = "<group>"; };
		95E1EF281D4F772D00C13F30 /* MASConstraint.h */ = {isa = PBXFileReference; fileEncoding = 4; lastKnownFileType = sourcecode.c.h; path = MASConstraint.h; sourceTree = "<group>"; };
		95E1EF291D4F772D00C13F30 /* MASConstraint.m */ = {isa = PBXFileReference; fileEncoding = 4; lastKnownFileType = sourcecode.c.objc; path = MASConstraint.m; sourceTree = "<group>"; };
		95E1EF2A1D4F772D00C13F30 /* MASConstraintMaker.h */ = {isa = PBXFileReference; fileEncoding = 4; lastKnownFileType = sourcecode.c.h; path = MASConstraintMaker.h; sourceTree = "<group>"; };
		95E1EF2B1D4F772D00C13F30 /* MASConstraintMaker.m */ = {isa = PBXFileReference; fileEncoding = 4; lastKnownFileType = sourcecode.c.objc; path = MASConstraintMaker.m; sourceTree = "<group>"; };
		95E1EF2C1D4F772D00C13F30 /* MASLayoutConstraint.h */ = {isa = PBXFileReference; fileEncoding = 4; lastKnownFileType = sourcecode.c.h; path = MASLayoutConstraint.h; sourceTree = "<group>"; };
		95E1EF2D1D4F772D00C13F30 /* MASLayoutConstraint.m */ = {isa = PBXFileReference; fileEncoding = 4; lastKnownFileType = sourcecode.c.objc; path = MASLayoutConstraint.m; sourceTree = "<group>"; };
		95E1EF2E1D4F772D00C13F30 /* Masonry.h */ = {isa = PBXFileReference; fileEncoding = 4; lastKnownFileType = sourcecode.c.h; path = Masonry.h; sourceTree = "<group>"; };
		95E1EF2F1D4F772D00C13F30 /* MASUtilities.h */ = {isa = PBXFileReference; fileEncoding = 4; lastKnownFileType = sourcecode.c.h; path = MASUtilities.h; sourceTree = "<group>"; };
		95E1EF301D4F772D00C13F30 /* MASViewAttribute.h */ = {isa = PBXFileReference; fileEncoding = 4; lastKnownFileType = sourcecode.c.h; path = MASViewAttribute.h; sourceTree = "<group>"; };
		95E1EF311D4F772D00C13F30 /* MASViewAttribute.m */ = {isa = PBXFileReference; fileEncoding = 4; lastKnownFileType = sourcecode.c.objc; path = MASViewAttribute.m; sourceTree = "<group>"; };
		95E1EF321D4F772D00C13F30 /* MASViewConstraint.h */ = {isa = PBXFileReference; fileEncoding = 4; lastKnownFileType = sourcecode.c.h; path = MASViewConstraint.h; sourceTree = "<group>"; };
		95E1EF331D4F772D00C13F30 /* MASViewConstraint.m */ = {isa = PBXFileReference; fileEncoding = 4; lastKnownFileType = sourcecode.c.objc; path = MASViewConstraint.m; sourceTree = "<group>"; };
		95E1EF341D4F772D00C13F30 /* NSArray+MASAdditions.h */ = {isa = PBXFileReference; fileEncoding = 4; lastKnownFileType = sourcecode.c.h; path = "NSArray+MASAdditions.h"; sourceTree = "<group>"; };
		95E1EF351D4F772D00C13F30 /* NSArray+MASAdditions.m */ = {isa = PBXFileReference; fileEncoding = 4; lastKnownFileType = sourcecode.c.objc; path = "NSArray+MASAdditions.m"; sourceTree = "<group>"; };
		95E1EF361D4F772D00C13F30 /* NSArray+MASShorthandAdditions.h */ = {isa = PBXFileReference; fileEncoding = 4; lastKnownFileType = sourcecode.c.h; path = "NSArray+MASShorthandAdditions.h"; sourceTree = "<group>"; };
		95E1EF371D4F772D00C13F30 /* NSLayoutConstraint+MASDebugAdditions.h */ = {isa = PBXFileReference; fileEncoding = 4; lastKnownFileType = sourcecode.c.h; path = "NSLayoutConstraint+MASDebugAdditions.h"; sourceTree = "<group>"; };
		95E1EF381D4F772D00C13F30 /* NSLayoutConstraint+MASDebugAdditions.m */ = {isa = PBXFileReference; fileEncoding = 4; lastKnownFileType = sourcecode.c.objc; path = "NSLayoutConstraint+MASDebugAdditions.m"; sourceTree = "<group>"; };
		95E1EF391D4F772D00C13F30 /* View+MASAdditions.h */ = {isa = PBXFileReference; fileEncoding = 4; lastKnownFileType = sourcecode.c.h; path = "View+MASAdditions.h"; sourceTree = "<group>"; };
		95E1EF3A1D4F772D00C13F30 /* View+MASAdditions.m */ = {isa = PBXFileReference; fileEncoding = 4; lastKnownFileType = sourcecode.c.objc; path = "View+MASAdditions.m"; sourceTree = "<group>"; };
		95E1EF3B1D4F772D00C13F30 /* View+MASShorthandAdditions.h */ = {isa = PBXFileReference; fileEncoding = 4; lastKnownFileType = sourcecode.c.h; path = "View+MASShorthandAdditions.h"; sourceTree = "<group>"; };
		95E1EF3C1D4F772D00C13F30 /* ViewController+MASAdditions.h */ = {isa = PBXFileReference; fileEncoding = 4; lastKnownFileType = sourcecode.c.h; path = "ViewController+MASAdditions.h"; sourceTree = "<group>"; };
		95E1EF3D1D4F772D00C13F30 /* ViewController+MASAdditions.m */ = {isa = PBXFileReference; fileEncoding = 4; lastKnownFileType = sourcecode.c.objc; path = "ViewController+MASAdditions.m"; sourceTree = "<group>"; };
		95E1EF3F1D4F772D00C13F30 /* MKAnnotationView+WebCache.h */ = {isa = PBXFileReference; fileEncoding = 4; lastKnownFileType = sourcecode.c.h; path = "MKAnnotationView+WebCache.h"; sourceTree = "<group>"; };
		95E1EF401D4F772D00C13F30 /* MKAnnotationView+WebCache.m */ = {isa = PBXFileReference; fileEncoding = 4; lastKnownFileType = sourcecode.c.objc; path = "MKAnnotationView+WebCache.m"; sourceTree = "<group>"; };
		95E1EF411D4F772D00C13F30 /* NSData+ImageContentType.h */ = {isa = PBXFileReference; fileEncoding = 4; lastKnownFileType = sourcecode.c.h; path = "NSData+ImageContentType.h"; sourceTree = "<group>"; };
		95E1EF421D4F772D00C13F30 /* NSData+ImageContentType.m */ = {isa = PBXFileReference; fileEncoding = 4; lastKnownFileType = sourcecode.c.objc; path = "NSData+ImageContentType.m"; sourceTree = "<group>"; };
		95E1EF431D4F772D00C13F30 /* SDImageCache.h */ = {isa = PBXFileReference; fileEncoding = 4; lastKnownFileType = sourcecode.c.h; path = SDImageCache.h; sourceTree = "<group>"; };
		95E1EF441D4F772D00C13F30 /* SDImageCache.m */ = {isa = PBXFileReference; fileEncoding = 4; lastKnownFileType = sourcecode.c.objc; path = SDImageCache.m; sourceTree = "<group>"; };
		95E1EF451D4F772D00C13F30 /* SDWebImageCompat.h */ = {isa = PBXFileReference; fileEncoding = 4; lastKnownFileType = sourcecode.c.h; path = SDWebImageCompat.h; sourceTree = "<group>"; };
		95E1EF461D4F772D00C13F30 /* SDWebImageCompat.m */ = {isa = PBXFileReference; fileEncoding = 4; lastKnownFileType = sourcecode.c.objc; path = SDWebImageCompat.m; sourceTree = "<group>"; };
		95E1EF471D4F772D00C13F30 /* SDWebImageDecoder.h */ = {isa = PBXFileReference; fileEncoding = 4; lastKnownFileType = sourcecode.c.h; path = SDWebImageDecoder.h; sourceTree = "<group>"; };
		95E1EF481D4F772D00C13F30 /* SDWebImageDecoder.m */ = {isa = PBXFileReference; fileEncoding = 4; lastKnownFileType = sourcecode.c.objc; path = SDWebImageDecoder.m; sourceTree = "<group>"; };
		95E1EF491D4F772D00C13F30 /* SDWebImageDownloader.h */ = {isa = PBXFileReference; fileEncoding = 4; lastKnownFileType = sourcecode.c.h; path = SDWebImageDownloader.h; sourceTree = "<group>"; };
		95E1EF4A1D4F772D00C13F30 /* SDWebImageDownloader.m */ = {isa = PBXFileReference; fileEncoding = 4; lastKnownFileType = sourcecode.c.objc; path = SDWebImageDownloader.m; sourceTree = "<group>"; };
		95E1EF4B1D4F772D00C13F30 /* SDWebImageDownloaderOperation.h */ = {isa = PBXFileReference; fileEncoding = 4; lastKnownFileType = sourcecode.c.h; path = SDWebImageDownloaderOperation.h; sourceTree = "<group>"; };
		95E1EF4C1D4F772D00C13F30 /* SDWebImageDownloaderOperation.m */ = {isa = PBXFileReference; fileEncoding = 4; lastKnownFileType = sourcecode.c.objc; path = SDWebImageDownloaderOperation.m; sourceTree = "<group>"; };
		95E1EF4D1D4F772D00C13F30 /* SDWebImageManager.h */ = {isa = PBXFileReference; fileEncoding = 4; lastKnownFileType = sourcecode.c.h; path = SDWebImageManager.h; sourceTree = "<group>"; };
		95E1EF4E1D4F772D00C13F30 /* SDWebImageManager.m */ = {isa = PBXFileReference; fileEncoding = 4; lastKnownFileType = sourcecode.c.objc; path = SDWebImageManager.m; sourceTree = "<group>"; };
		95E1EF4F1D4F772D00C13F30 /* SDWebImageOperation.h */ = {isa = PBXFileReference; fileEncoding = 4; lastKnownFileType = sourcecode.c.h; path = SDWebImageOperation.h; sourceTree = "<group>"; };
		95E1EF501D4F772D00C13F30 /* SDWebImagePrefetcher.h */ = {isa = PBXFileReference; fileEncoding = 4; lastKnownFileType = sourcecode.c.h; path = SDWebImagePrefetcher.h; sourceTree = "<group>"; };
		95E1EF511D4F772D00C13F30 /* SDWebImagePrefetcher.m */ = {isa = PBXFileReference; fileEncoding = 4; lastKnownFileType = sourcecode.c.objc; path = SDWebImagePrefetcher.m; sourceTree = "<group>"; };
		95E1EF521D4F772D00C13F30 /* UIButton+WebCache.h */ = {isa = PBXFileReference; fileEncoding = 4; lastKnownFileType = sourcecode.c.h; path = "UIButton+WebCache.h"; sourceTree = "<group>"; };
		95E1EF531D4F772D00C13F30 /* UIButton+WebCache.m */ = {isa = PBXFileReference; fileEncoding = 4; lastKnownFileType = sourcecode.c.objc; path = "UIButton+WebCache.m"; sourceTree = "<group>"; };
		95E1EF541D4F772D00C13F30 /* UIImage+GIF.h */ = {isa = PBXFileReference; fileEncoding = 4; lastKnownFileType = sourcecode.c.h; path = "UIImage+GIF.h"; sourceTree = "<group>"; };
		95E1EF551D4F772D00C13F30 /* UIImage+GIF.m */ = {isa = PBXFileReference; fileEncoding = 4; lastKnownFileType = sourcecode.c.objc; path = "UIImage+GIF.m"; sourceTree = "<group>"; };
		95E1EF561D4F772D00C13F30 /* UIImage+MultiFormat.h */ = {isa = PBXFileReference; fileEncoding = 4; lastKnownFileType = sourcecode.c.h; path = "UIImage+MultiFormat.h"; sourceTree = "<group>"; };
		95E1EF571D4F772D00C13F30 /* UIImage+MultiFormat.m */ = {isa = PBXFileReference; fileEncoding = 4; lastKnownFileType = sourcecode.c.objc; path = "UIImage+MultiFormat.m"; sourceTree = "<group>"; };
		95E1EF581D4F772D00C13F30 /* UIImage+WebP.h */ = {isa = PBXFileReference; fileEncoding = 4; lastKnownFileType = sourcecode.c.h; path = "UIImage+WebP.h"; sourceTree = "<group>"; };
		95E1EF591D4F772D00C13F30 /* UIImage+WebP.m */ = {isa = PBXFileReference; fileEncoding = 4; lastKnownFileType = sourcecode.c.objc; path = "UIImage+WebP.m"; sourceTree = "<group>"; };
		95E1EF5A1D4F772D00C13F30 /* UIImageView+HighlightedWebCache.h */ = {isa = PBXFileReference; fileEncoding = 4; lastKnownFileType = sourcecode.c.h; path = "UIImageView+HighlightedWebCache.h"; sourceTree = "<group>"; };
		95E1EF5B1D4F772D00C13F30 /* UIImageView+HighlightedWebCache.m */ = {isa = PBXFileReference; fileEncoding = 4; lastKnownFileType = sourcecode.c.objc; path = "UIImageView+HighlightedWebCache.m"; sourceTree = "<group>"; };
		95E1EF5C1D4F772D00C13F30 /* UIImageView+WebCache.h */ = {isa = PBXFileReference; fileEncoding = 4; lastKnownFileType = sourcecode.c.h; path = "UIImageView+WebCache.h"; sourceTree = "<group>"; };
		95E1EF5D1D4F772D00C13F30 /* UIImageView+WebCache.m */ = {isa = PBXFileReference; fileEncoding = 4; lastKnownFileType = sourcecode.c.objc; path = "UIImageView+WebCache.m"; sourceTree = "<group>"; };
		95E1EF5E1D4F772D00C13F30 /* UIView+WebCacheOperation.h */ = {isa = PBXFileReference; fileEncoding = 4; lastKnownFileType = sourcecode.c.h; path = "UIView+WebCacheOperation.h"; sourceTree = "<group>"; };
		95E1EF5F1D4F772D00C13F30 /* UIView+WebCacheOperation.m */ = {isa = PBXFileReference; fileEncoding = 4; lastKnownFileType = sourcecode.c.objc; path = "UIView+WebCacheOperation.m"; sourceTree = "<group>"; };
		95E1EF611D4F772D00C13F30 /* SVIndefiniteAnimatedView.h */ = {isa = PBXFileReference; fileEncoding = 4; lastKnownFileType = sourcecode.c.h; path = SVIndefiniteAnimatedView.h; sourceTree = "<group>"; };
		95E1EF621D4F772D00C13F30 /* SVIndefiniteAnimatedView.m */ = {isa = PBXFileReference; fileEncoding = 4; lastKnownFileType = sourcecode.c.objc; path = SVIndefiniteAnimatedView.m; sourceTree = "<group>"; };
		95E1EF631D4F772D00C13F30 /* SVProgressAnimatedView.h */ = {isa = PBXFileReference; fileEncoding = 4; lastKnownFileType = sourcecode.c.h; path = SVProgressAnimatedView.h; sourceTree = "<group>"; };
		95E1EF641D4F772D00C13F30 /* SVProgressAnimatedView.m */ = {isa = PBXFileReference; fileEncoding = 4; lastKnownFileType = sourcecode.c.objc; path = SVProgressAnimatedView.m; sourceTree = "<group>"; };
		95E1EF651D4F772D00C13F30 /* SVProgressHUD-Prefix.pch */ = {isa = PBXFileReference; fileEncoding = 4; lastKnownFileType = sourcecode.c.h; path = "SVProgressHUD-Prefix.pch"; sourceTree = "<group>"; };
		95E1EF661D4F772D00C13F30 /* SVProgressHUD.bundle */ = {isa = PBXFileReference; lastKnownFileType = "wrapper.plug-in"; path = SVProgressHUD.bundle; sourceTree = "<group>"; };
		95E1EF671D4F772D00C13F30 /* SVProgressHUD.h */ = {isa = PBXFileReference; fileEncoding = 4; lastKnownFileType = sourcecode.c.h; path = SVProgressHUD.h; sourceTree = "<group>"; };
		95E1EF681D4F772D00C13F30 /* SVProgressHUD.m */ = {isa = PBXFileReference; fileEncoding = 4; lastKnownFileType = sourcecode.c.objc; path = SVProgressHUD.m; sourceTree = "<group>"; };
		95E1EF691D4F772D00C13F30 /* SVRadialGradientLayer.h */ = {isa = PBXFileReference; fileEncoding = 4; lastKnownFileType = sourcecode.c.h; path = SVRadialGradientLayer.h; sourceTree = "<group>"; };
		95E1EF6A1D4F772D00C13F30 /* SVRadialGradientLayer.m */ = {isa = PBXFileReference; fileEncoding = 4; lastKnownFileType = sourcecode.c.objc; path = SVRadialGradientLayer.m; sourceTree = "<group>"; };
		95E1EF8C1D4F781800C13F30 /* ZUtilities.h */ = {isa = PBXFileReference; fileEncoding = 4; lastKnownFileType = sourcecode.c.h; path = ZUtilities.h; sourceTree = "<group>"; };
		95E1EF8F1D4F785B00C13F30 /* UIColor+ZUtilities.h */ = {isa = PBXFileReference; fileEncoding = 4; lastKnownFileType = sourcecode.c.h; path = "UIColor+ZUtilities.h"; sourceTree = "<group>"; };
		95E1EF901D4F785B00C13F30 /* UIColor+ZUtilities.m */ = {isa = PBXFileReference; fileEncoding = 4; lastKnownFileType = sourcecode.c.objc; path = "UIColor+ZUtilities.m"; sourceTree = "<group>"; };
		95E1EF921D4F7F7D00C13F30 /* UIScreen+ZUtilities.h */ = {isa = PBXFileReference; fileEncoding = 4; lastKnownFileType = sourcecode.c.h; path = "UIScreen+ZUtilities.h"; sourceTree = "<group>"; };
		95E1EF931D4F7F7D00C13F30 /* UIScreen+ZUtilities.m */ = {isa = PBXFileReference; fileEncoding = 4; lastKnownFileType = sourcecode.c.objc; path = "UIScreen+ZUtilities.m"; sourceTree = "<group>"; };
		95E1EF951D4F802200C13F30 /* UIView+ZUtilities.h */ = {isa = PBXFileReference; fileEncoding = 4; lastKnownFileType = sourcecode.c.h; path = "UIView+ZUtilities.h"; sourceTree = "<group>"; };
		95E1EF961D4F802200C13F30 /* UIView+ZUtilities.m */ = {isa = PBXFileReference; fileEncoding = 4; lastKnownFileType = sourcecode.c.objc; path = "UIView+ZUtilities.m"; sourceTree = "<group>"; };
		95E39A681D50D7F700750BD7 /* food.json */ = {isa = PBXFileReference; fileEncoding = 4; lastKnownFileType = text.json; path = food.json; sourceTree = "<group>"; };
		95E39A6A1D50E1D200750BD7 /* NSObject+ZDescription.h */ = {isa = PBXFileReference; fileEncoding = 4; lastKnownFileType = sourcecode.c.h; path = "NSObject+ZDescription.h"; sourceTree = "<group>"; };
		95E39A6B1D50E1D200750BD7 /* NSObject+ZDescription.m */ = {isa = PBXFileReference; fileEncoding = 4; lastKnownFileType = sourcecode.c.objc; path = "NSObject+ZDescription.m"; sourceTree = "<group>"; };
		95E39A8E1D54820000750BD7 /* ZShopCategoryView.h */ = {isa = PBXFileReference; fileEncoding = 4; lastKnownFileType = sourcecode.c.h; path = ZShopCategoryView.h; sourceTree = "<group>"; };
		95E39A8F1D54820000750BD7 /* ZShopCategoryView.m */ = {isa = PBXFileReference; fileEncoding = 4; lastKnownFileType = sourcecode.c.objc; path = ZShopCategoryView.m; sourceTree = "<group>"; };
		95E39A901D54820000750BD7 /* ZShopFoodViewController.h */ = {isa = PBXFileReference; fileEncoding = 4; lastKnownFileType = sourcecode.c.h; path = ZShopFoodViewController.h; sourceTree = "<group>"; };
		95E39A911D54820000750BD7 /* ZShopFoodViewController.m */ = {isa = PBXFileReference; fileEncoding = 4; lastKnownFileType = sourcecode.c.objc; path = ZShopFoodViewController.m; sourceTree = "<group>"; };
		95E39A931D54820000750BD7 /* ZShopFood.h */ = {isa = PBXFileReference; fileEncoding = 4; lastKnownFileType = sourcecode.c.h; path = ZShopFood.h; sourceTree = "<group>"; };
		95E39A941D54820000750BD7 /* ZShopFood.m */ = {isa = PBXFileReference; fileEncoding = 4; lastKnownFileType = sourcecode.c.objc; path = ZShopFood.m; sourceTree = "<group>"; };
		95E39A951D54820000750BD7 /* ZShopFoodCategory.h */ = {isa = PBXFileReference; fileEncoding = 4; lastKnownFileType = sourcecode.c.h; path = ZShopFoodCategory.h; sourceTree = "<group>"; };
		95E39A961D54820000750BD7 /* ZShopFoodCategory.m */ = {isa = PBXFileReference; fileEncoding = 4; lastKnownFileType = sourcecode.c.objc; path = ZShopFoodCategory.m; sourceTree = "<group>"; };
		95E39A981D54820000750BD7 /* ZShopViewController.h */ = {isa = PBXFileReference; fileEncoding = 4; lastKnownFileType = sourcecode.c.h; path = ZShopViewController.h; sourceTree = "<group>"; };
		95E39A991D54820000750BD7 /* ZShopViewController.m */ = {isa = PBXFileReference; fileEncoding = 4; lastKnownFileType = sourcecode.c.objc; path = ZShopViewController.m; sourceTree = "<group>"; };
		95E39A9F1D5482D700750BD7 /* ZShopCommentViewController.h */ = {isa = PBXFileReference; fileEncoding = 4; lastKnownFileType = sourcecode.c.h; path = ZShopCommentViewController.h; sourceTree = "<group>"; };
		95E39AA01D5482D700750BD7 /* ZShopCommentViewController.m */ = {isa = PBXFileReference; fileEncoding = 4; lastKnownFileType = sourcecode.c.objc; path = ZShopCommentViewController.m; sourceTree = "<group>"; };
		95E39AA21D5482E400750BD7 /* ZShopSellerViewController.h */ = {isa = PBXFileReference; fileEncoding = 4; lastKnownFileType = sourcecode.c.h; path = ZShopSellerViewController.h; sourceTree = "<group>"; };
		95E39AA31D5482E400750BD7 /* ZShopSellerViewController.m */ = {isa = PBXFileReference; fileEncoding = 4; lastKnownFileType = sourcecode.c.objc; path = ZShopSellerViewController.m; sourceTree = "<group>"; };
		95E39AA51D55A12700750BD7 /* ZBaseControl.h */ = {isa = PBXFileReference; fileEncoding = 4; lastKnownFileType = sourcecode.c.h; path = ZBaseControl.h; sourceTree = "<group>"; };
		95E39AA61D55A12700750BD7 /* ZBaseControl.m */ = {isa = PBXFileReference; fileEncoding = 4; lastKnownFileType = sourcecode.c.objc; path = ZBaseControl.m; sourceTree = "<group>"; };
		95E39AAC1D561ECA00750BD7 /* ZShopFoodCategoryCell.h */ = {isa = PBXFileReference; fileEncoding = 4; lastKnownFileType = sourcecode.c.h; path = ZShopFoodCategoryCell.h; sourceTree = "<group>"; };
		95E39AAD1D561ECA00750BD7 /* ZShopFoodCategoryCell.m */ = {isa = PBXFileReference; fileEncoding = 4; lastKnownFileType = sourcecode.c.objc; path = ZShopFoodCategoryCell.m; sourceTree = "<group>"; };
/* End PBXFileReference section */

/* Begin PBXFrameworksBuildPhase section */
		95E1EE891D4F008800C13F30 /* Frameworks */ = {
			isa = PBXFrameworksBuildPhase;
			buildActionMask = 2147483647;
			files = (
			);
			runOnlyForDeploymentPostprocessing = 0;
		};
/* End PBXFrameworksBuildPhase section */

/* Begin PBXGroup section */
		95E1EE831D4F008800C13F30 = {
			isa = PBXGroup;
			children = (
				95E1EE8E1D4F008800C13F30 /* 02-美团外卖 */,
				95E1EE8D1D4F008800C13F30 /* Products */,
			);
			sourceTree = "<group>";
		};
		95E1EE8D1D4F008800C13F30 /* Products */ = {
			isa = PBXGroup;
			children = (
				95E1EE8C1D4F008800C13F30 /* 02-美团外卖.app */,
			);
			name = Products;
			sourceTree = "<group>";
		};
		95E1EE8E1D4F008800C13F30 /* 02-美团外卖 */ = {
			isa = PBXGroup;
			children = (
				95E1EF221D4F772D00C13F30 /* ThirdLib */,
				95E1EF211D4F76E700C13F30 /* Tools */,
				95E1EF101D4F3BBE00C13F30 /* Classes */,
				95E1EE921D4F008800C13F30 /* AppDelegate.h */,
				95E1EE931D4F008800C13F30 /* AppDelegate.m */,
				95E1EE981D4F008800C13F30 /* Main.storyboard */,
				95E1EE9B1D4F008800C13F30 /* Assets.xcassets */,
				95E1EE9D1D4F008800C13F30 /* LaunchScreen.storyboard */,
				95E1EEA01D4F008800C13F30 /* Info.plist */,
				95E1EE8F1D4F008800C13F30 /* Supporting Files */,
			);
			path = "02-美团外卖";
			sourceTree = "<group>";
		};
		95E1EE8F1D4F008800C13F30 /* Supporting Files */ = {
			isa = PBXGroup;
			children = (
				95E39A681D50D7F700750BD7 /* food.json */,
				95E1EF0F1D4F2ECF00C13F30 /* Meituan-PrefixHeader.pch */,
				95E1EE901D4F008800C13F30 /* main.m */,
			);
			name = "Supporting Files";
			sourceTree = "<group>";
		};
		95E1EF101D4F3BBE00C13F30 /* Classes */ = {
			isa = PBXGroup;
			children = (
				95E39A8A1D54820000750BD7 /* Home */,
				95E1EF121D4F3BBE00C13F30 /* Main */,
				95E1EF131D4F3BBE00C13F30 /* Other */,
			);
			path = Classes;
			sourceTree = "<group>";
		};
		95E1EF121D4F3BBE00C13F30 /* Main */ = {
			isa = PBXGroup;
			children = (
			);
			path = Main;
			sourceTree = "<group>";
		};
		95E1EF131D4F3BBE00C13F30 /* Other */ = {
			isa = PBXGroup;
			children = (
				95E1EE951D4F008800C13F30 /* ViewController.h */,
				95E1EE961D4F008800C13F30 /* ViewController.m */,
			);
			path = Other;
			sourceTree = "<group>";
		};
		95E1EF171D4F416000C13F30 /* Base */ = {
			isa = PBXGroup;
			children = (
				95E39AA51D55A12700750BD7 /* ZBaseControl.h */,
				95E39AA61D55A12700750BD7 /* ZBaseControl.m */,
				95E1EF181D4F418F00C13F30 /* ZBaseViewController.h */,
				95E1EF191D4F418F00C13F30 /* ZBaseViewController.m */,
				95E1EF1B1D4F419A00C13F30 /* ZBaseView.h */,
				95E1EF1C1D4F419A00C13F30 /* ZBaseView.m */,
			);
			path = Base;
			sourceTree = "<group>";
		};
		95E1EF211D4F76E700C13F30 /* Tools */ = {
			isa = PBXGroup;
			children = (
				95E1EF8B1D4F777B00C13F30 /* ZUtilities */,
				95E1EF171D4F416000C13F30 /* Base */,
			);
			path = Tools;
			sourceTree = "<group>";
		};
		95E1EF221D4F772D00C13F30 /* ThirdLib */ = {
			isa = PBXGroup;
			children = (
				95E1EF231D4F772D00C13F30 /* Masonry */,
				95E1EF3E1D4F772D00C13F30 /* SDWebImage */,
				95E1EF601D4F772D00C13F30 /* SVProgressHUD */,
			);
			path = ThirdLib;
			sourceTree = "<group>";
		};
		95E1EF231D4F772D00C13F30 /* Masonry */ = {
			isa = PBXGroup;
			children = (
				95E1EF241D4F772D00C13F30 /* Info.plist */,
				95E1EF251D4F772D00C13F30 /* MASCompositeConstraint.h */,
				95E1EF261D4F772D00C13F30 /* MASCompositeConstraint.m */,
				95E1EF271D4F772D00C13F30 /* MASConstraint+Private.h */,
				95E1EF281D4F772D00C13F30 /* MASConstraint.h */,
				95E1EF291D4F772D00C13F30 /* MASConstraint.m */,
				95E1EF2A1D4F772D00C13F30 /* MASConstraintMaker.h */,
				95E1EF2B1D4F772D00C13F30 /* MASConstraintMaker.m */,
				95E1EF2C1D4F772D00C13F30 /* MASLayoutConstraint.h */,
				95E1EF2D1D4F772D00C13F30 /* MASLayoutConstraint.m */,
				95E1EF2E1D4F772D00C13F30 /* Masonry.h */,
				95E1EF2F1D4F772D00C13F30 /* MASUtilities.h */,
				95E1EF301D4F772D00C13F30 /* MASViewAttribute.h */,
				95E1EF311D4F772D00C13F30 /* MASViewAttribute.m */,
				95E1EF321D4F772D00C13F30 /* MASViewConstraint.h */,
				95E1EF331D4F772D00C13F30 /* MASViewConstraint.m */,
				95E1EF341D4F772D00C13F30 /* NSArray+MASAdditions.h */,
				95E1EF351D4F772D00C13F30 /* NSArray+MASAdditions.m */,
				95E1EF361D4F772D00C13F30 /* NSArray+MASShorthandAdditions.h */,
				95E1EF371D4F772D00C13F30 /* NSLayoutConstraint+MASDebugAdditions.h */,
				95E1EF381D4F772D00C13F30 /* NSLayoutConstraint+MASDebugAdditions.m */,
				95E1EF391D4F772D00C13F30 /* View+MASAdditions.h */,
				95E1EF3A1D4F772D00C13F30 /* View+MASAdditions.m */,
				95E1EF3B1D4F772D00C13F30 /* View+MASShorthandAdditions.h */,
				95E1EF3C1D4F772D00C13F30 /* ViewController+MASAdditions.h */,
				95E1EF3D1D4F772D00C13F30 /* ViewController+MASAdditions.m */,
			);
			path = Masonry;
			sourceTree = "<group>";
		};
		95E1EF3E1D4F772D00C13F30 /* SDWebImage */ = {
			isa = PBXGroup;
			children = (
				95E1EF3F1D4F772D00C13F30 /* MKAnnotationView+WebCache.h */,
				95E1EF401D4F772D00C13F30 /* MKAnnotationView+WebCache.m */,
				95E1EF411D4F772D00C13F30 /* NSData+ImageContentType.h */,
				95E1EF421D4F772D00C13F30 /* NSData+ImageContentType.m */,
				95E1EF431D4F772D00C13F30 /* SDImageCache.h */,
				95E1EF441D4F772D00C13F30 /* SDImageCache.m */,
				95E1EF451D4F772D00C13F30 /* SDWebImageCompat.h */,
				95E1EF461D4F772D00C13F30 /* SDWebImageCompat.m */,
				95E1EF471D4F772D00C13F30 /* SDWebImageDecoder.h */,
				95E1EF481D4F772D00C13F30 /* SDWebImageDecoder.m */,
				95E1EF491D4F772D00C13F30 /* SDWebImageDownloader.h */,
				95E1EF4A1D4F772D00C13F30 /* SDWebImageDownloader.m */,
				95E1EF4B1D4F772D00C13F30 /* SDWebImageDownloaderOperation.h */,
				95E1EF4C1D4F772D00C13F30 /* SDWebImageDownloaderOperation.m */,
				95E1EF4D1D4F772D00C13F30 /* SDWebImageManager.h */,
				95E1EF4E1D4F772D00C13F30 /* SDWebImageManager.m */,
				95E1EF4F1D4F772D00C13F30 /* SDWebImageOperation.h */,
				95E1EF501D4F772D00C13F30 /* SDWebImagePrefetcher.h */,
				95E1EF511D4F772D00C13F30 /* SDWebImagePrefetcher.m */,
				95E1EF521D4F772D00C13F30 /* UIButton+WebCache.h */,
				95E1EF531D4F772D00C13F30 /* UIButton+WebCache.m */,
				95E1EF541D4F772D00C13F30 /* UIImage+GIF.h */,
				95E1EF551D4F772D00C13F30 /* UIImage+GIF.m */,
				95E1EF561D4F772D00C13F30 /* UIImage+MultiFormat.h */,
				95E1EF571D4F772D00C13F30 /* UIImage+MultiFormat.m */,
				95E1EF581D4F772D00C13F30 /* UIImage+WebP.h */,
				95E1EF591D4F772D00C13F30 /* UIImage+WebP.m */,
				95E1EF5A1D4F772D00C13F30 /* UIImageView+HighlightedWebCache.h */,
				95E1EF5B1D4F772D00C13F30 /* UIImageView+HighlightedWebCache.m */,
				95E1EF5C1D4F772D00C13F30 /* UIImageView+WebCache.h */,
				95E1EF5D1D4F772D00C13F30 /* UIImageView+WebCache.m */,
				95E1EF5E1D4F772D00C13F30 /* UIView+WebCacheOperation.h */,
				95E1EF5F1D4F772D00C13F30 /* UIView+WebCacheOperation.m */,
			);
			path = SDWebImage;
			sourceTree = "<group>";
		};
		95E1EF601D4F772D00C13F30 /* SVProgressHUD */ = {
			isa = PBXGroup;
			children = (
				95E1EF611D4F772D00C13F30 /* SVIndefiniteAnimatedView.h */,
				95E1EF621D4F772D00C13F30 /* SVIndefiniteAnimatedView.m */,
				95E1EF631D4F772D00C13F30 /* SVProgressAnimatedView.h */,
				95E1EF641D4F772D00C13F30 /* SVProgressAnimatedView.m */,
				95E1EF651D4F772D00C13F30 /* SVProgressHUD-Prefix.pch */,
				95E1EF661D4F772D00C13F30 /* SVProgressHUD.bundle */,
				95E1EF671D4F772D00C13F30 /* SVProgressHUD.h */,
				95E1EF681D4F772D00C13F30 /* SVProgressHUD.m */,
				95E1EF691D4F772D00C13F30 /* SVRadialGradientLayer.h */,
				95E1EF6A1D4F772D00C13F30 /* SVRadialGradientLayer.m */,
			);
			path = SVProgressHUD;
			sourceTree = "<group>";
		};
		95E1EF8B1D4F777B00C13F30 /* ZUtilities */ = {
			isa = PBXGroup;
			children = (
				95E1EF8C1D4F781800C13F30 /* ZUtilities.h */,
				95E1EF8F1D4F785B00C13F30 /* UIColor+ZUtilities.h */,
				95E1EF901D4F785B00C13F30 /* UIColor+ZUtilities.m */,
				95E1EF921D4F7F7D00C13F30 /* UIScreen+ZUtilities.h */,
				95E1EF931D4F7F7D00C13F30 /* UIScreen+ZUtilities.m */,
				95E1EF951D4F802200C13F30 /* UIView+ZUtilities.h */,
				95E1EF961D4F802200C13F30 /* UIView+ZUtilities.m */,
				95CD89F71D4F8E6100BD16AA /* UIButton+ZUtilities.h */,
				95CD89F81D4F8E6100BD16AA /* UIButton+ZUtilities.m */,
				95D862FC1D563B5E00C6EB14 /* UILabel+ZUtilities.h */,
				95D862FD1D563B5E00C6EB14 /* UILabel+ZUtilities.m */,
				95E39A6A1D50E1D200750BD7 /* NSObject+ZDescription.h */,
				95E39A6B1D50E1D200750BD7 /* NSObject+ZDescription.m */,
			);
			path = ZUtilities;
			sourceTree = "<group>";
		};
		95E39A8A1D54820000750BD7 /* Home */ = {
			isa = PBXGroup;
			children = (
				95E39A8B1D54820000750BD7 /* Shop */,
			);
			path = Home;
			sourceTree = "<group>";
		};
		95E39A8B1D54820000750BD7 /* Shop */ = {
			isa = PBXGroup;
			children = (
				95E39A981D54820000750BD7 /* ZShopViewController.h */,
				95E39A991D54820000750BD7 /* ZShopViewController.m */,
				95E39A8C1D54820000750BD7 /* Comment (评价) */,
				95E39A8D1D54820000750BD7 /* Food (点菜) */,
				95E39A921D54820000750BD7 /* Model */,
				95E39A971D54820000750BD7 /* Seller (商家) */,
			);
			path = Shop;
			sourceTree = "<group>";
		};
		95E39A8C1D54820000750BD7 /* Comment (评价) */ = {
			isa = PBXGroup;
			children = (
				95E39A9F1D5482D700750BD7 /* ZShopCommentViewController.h */,
				95E39AA01D5482D700750BD7 /* ZShopCommentViewController.m */,
			);
			name = "Comment (评价)";
			path = Comment;
			sourceTree = "<group>";
		};
		95E39A8D1D54820000750BD7 /* Food (点菜) */ = {
			isa = PBXGroup;
			children = (
				95E39AA81D561E3200750BD7 /* Views */,
				95E39A901D54820000750BD7 /* ZShopFoodViewController.h */,
				95E39A911D54820000750BD7 /* ZShopFoodViewController.m */,
				95E39A8E1D54820000750BD7 /* ZShopCategoryView.h */,
				95E39A8F1D54820000750BD7 /* ZShopCategoryView.m */,
			);
			name = "Food (点菜)";
			path = Food;
			sourceTree = "<group>";
		};
		95E39A921D54820000750BD7 /* Model */ = {
			isa = PBXGroup;
			children = (
				95E39A931D54820000750BD7 /* ZShopFood.h */,
				95E39A941D54820000750BD7 /* ZShopFood.m */,
				95E39A951D54820000750BD7 /* ZShopFoodCategory.h */,
				95E39A961D54820000750BD7 /* ZShopFoodCategory.m */,
			);
			path = Model;
			sourceTree = "<group>";
		};
		95E39A971D54820000750BD7 /* Seller (商家) */ = {
			isa = PBXGroup;
			children = (
				95E39AA21D5482E400750BD7 /* ZShopSellerViewController.h */,
				95E39AA31D5482E400750BD7 /* ZShopSellerViewController.m */,
			);
			name = "Seller (商家)";
			path = Seller;
			sourceTree = "<group>";
		};
		95E39AA81D561E3200750BD7 /* Views */ = {
			isa = PBXGroup;
			children = (
				95E39AAC1D561ECA00750BD7 /* ZShopFoodCategoryCell.h */,
				95E39AAD1D561ECA00750BD7 /* ZShopFoodCategoryCell.m */,
				95D862F91D5638E200C6EB14 /* ZShopFoodHeaderView.h */,
				95D862FA1D5638E200C6EB14 /* ZShopFoodHeaderView.m */,
			);
			name = Views;
			sourceTree = "<group>";
		};
/* End PBXGroup section */

/* Begin PBXNativeTarget section */
		95E1EE8B1D4F008800C13F30 /* 02-美团外卖 */ = {
			isa = PBXNativeTarget;
			buildConfigurationList = 95E1EEA31D4F008800C13F30 /* Build configuration list for PBXNativeTarget "02-美团外卖" */;
			buildPhases = (
				95E1EE881D4F008800C13F30 /* Sources */,
				95E1EE891D4F008800C13F30 /* Frameworks */,
				95E1EE8A1D4F008800C13F30 /* Resources */,
			);
			buildRules = (
			);
			dependencies = (
			);
			name = "02-美团外卖";
			productName = "02-美团外卖";
			productReference = 95E1EE8C1D4F008800C13F30 /* 02-美团外卖.app */;
			productType = "com.apple.product-type.application";
		};
/* End PBXNativeTarget section */

/* Begin PBXProject section */
		95E1EE841D4F008800C13F30 /* Project object */ = {
			isa = PBXProject;
			attributes = {
				LastUpgradeCheck = 0730;
				ORGANIZATIONNAME = itHeima;
				TargetAttributes = {
					95E1EE8B1D4F008800C13F30 = {
						CreatedOnToolsVersion = 7.3.1;
						DevelopmentTeam = YVYW5B4QC4;
					};
				};
			};
			buildConfigurationList = 95E1EE871D4F008800C13F30 /* Build configuration list for PBXProject "02-美团外卖" */;
			compatibilityVersion = "Xcode 3.2";
			developmentRegion = English;
			hasScannedForEncodings = 0;
			knownRegions = (
				en,
				Base,
			);
			mainGroup = 95E1EE831D4F008800C13F30;
			productRefGroup = 95E1EE8D1D4F008800C13F30 /* Products */;
			projectDirPath = "";
			projectRoot = "";
			targets = (
				95E1EE8B1D4F008800C13F30 /* 02-美团外卖 */,
			);
		};
/* End PBXProject section */

/* Begin PBXResourcesBuildPhase section */
		95E1EE8A1D4F008800C13F30 /* Resources */ = {
			isa = PBXResourcesBuildPhase;
			buildActionMask = 2147483647;
			files = (
				95E1EF881D4F772D00C13F30 /* SVProgressHUD.bundle in Resources */,
				95E1EF6B1D4F772D00C13F30 /* Info.plist in Resources */,
				95E1EE9F1D4F008800C13F30 /* LaunchScreen.storyboard in Resources */,
				95E39A691D50D7F700750BD7 /* food.json in Resources */,
				95E1EE9C1D4F008800C13F30 /* Assets.xcassets in Resources */,
				95E1EE9A1D4F008800C13F30 /* Main.storyboard in Resources */,
			);
			runOnlyForDeploymentPostprocessing = 0;
		};
/* End PBXResourcesBuildPhase section */

/* Begin PBXSourcesBuildPhase section */
		95E1EE881D4F008800C13F30 /* Sources */ = {
			isa = PBXSourcesBuildPhase;
			buildActionMask = 2147483647;
			files = (
				95E1EF7B1D4F772D00C13F30 /* SDWebImageDownloader.m in Sources */,
				95E1EF721D4F772D00C13F30 /* NSArray+MASAdditions.m in Sources */,
				95E39A6C1D50E1D200750BD7 /* NSObject+ZDescription.m in Sources */,
				95E39A9A1D54820000750BD7 /* ZShopCategoryView.m in Sources */,
				95E1EF711D4F772D00C13F30 /* MASViewConstraint.m in Sources */,
				95E1EF7E1D4F772D00C13F30 /* SDWebImagePrefetcher.m in Sources */,
				95E1EF851D4F772D00C13F30 /* UIView+WebCacheOperation.m in Sources */,
				95E1EF891D4F772D00C13F30 /* SVProgressHUD.m in Sources */,
				95E1EF6E1D4F772D00C13F30 /* MASConstraintMaker.m in Sources */,
				95E39AA11D5482D700750BD7 /* ZShopCommentViewController.m in Sources */,
				95E1EF811D4F772D00C13F30 /* UIImage+MultiFormat.m in Sources */,
				95E1EF821D4F772D00C13F30 /* UIImage+WebP.m in Sources */,
				95D862FB1D5638E200C6EB14 /* ZShopFoodHeaderView.m in Sources */,
				95E39A9B1D54820000750BD7 /* ZShopFoodViewController.m in Sources */,
				95E1EF741D4F772D00C13F30 /* View+MASAdditions.m in Sources */,
				95E1EF8A1D4F772D00C13F30 /* SVRadialGradientLayer.m in Sources */,
				95E39AA71D55A12700750BD7 /* ZBaseControl.m in Sources */,
				95E1EE971D4F008800C13F30 /* ViewController.m in Sources */,
				95E1EF841D4F772D00C13F30 /* UIImageView+WebCache.m in Sources */,
				95E1EF6D1D4F772D00C13F30 /* MASConstraint.m in Sources */,
				95E1EE941D4F008800C13F30 /* AppDelegate.m in Sources */,
				95E1EF971D4F802200C13F30 /* UIView+ZUtilities.m in Sources */,
				95E1EF701D4F772D00C13F30 /* MASViewAttribute.m in Sources */,
				95E1EF731D4F772D00C13F30 /* NSLayoutConstraint+MASDebugAdditions.m in Sources */,
				95E1EF1A1D4F418F00C13F30 /* ZBaseViewController.m in Sources */,
				95E1EF6C1D4F772D00C13F30 /* MASCompositeConstraint.m in Sources */,
				95E1EF6F1D4F772D00C13F30 /* MASLayoutConstraint.m in Sources */,
				95E1EF771D4F772D00C13F30 /* NSData+ImageContentType.m in Sources */,
				95E1EE911D4F008800C13F30 /* main.m in Sources */,
				95E1EF911D4F785B00C13F30 /* UIColor+ZUtilities.m in Sources */,
				95E1EF1D1D4F419A00C13F30 /* ZBaseView.m in Sources */,
				95E39A9D1D54820000750BD7 /* ZShopFoodCategory.m in Sources */,
				95E39A9C1D54820000750BD7 /* ZShopFood.m in Sources */,
				95E1EF7D1D4F772D00C13F30 /* SDWebImageManager.m in Sources */,
				95D862FE1D563B5E00C6EB14 /* UILabel+ZUtilities.m in Sources */,
				95E1EF861D4F772D00C13F30 /* SVIndefiniteAnimatedView.m in Sources */,
				95E1EF7A1D4F772D00C13F30 /* SDWebImageDecoder.m in Sources */,
				95E1EF7C1D4F772D00C13F30 /* SDWebImageDownloaderOperation.m in Sources */,
				95E1EF751D4F772D00C13F30 /* ViewController+MASAdditions.m in Sources */,
				95E39AA41D5482E400750BD7 /* ZShopSellerViewController.m in Sources */,
				95E1EF761D4F772D00C13F30 /* MKAnnotationView+WebCache.m in Sources */,
				95E1EF791D4F772D00C13F30 /* SDWebImageCompat.m in Sources */,
				95E1EF7F1D4F772D00C13F30 /* UIButton+WebCache.m in Sources */,
				95E1EF871D4F772D00C13F30 /* SVProgressAnimatedView.m in Sources */,
				95E39AAE1D561ECA00750BD7 /* ZShopFoodCategoryCell.m in Sources */,
				95CD89F91D4F8E6100BD16AA /* UIButton+ZUtilities.m in Sources */,
				95E1EF831D4F772D00C13F30 /* UIImageView+HighlightedWebCache.m in Sources */,
				95E1EF941D4F7F7D00C13F30 /* UIScreen+ZUtilities.m in Sources */,
				95E1EF801D4F772D00C13F30 /* UIImage+GIF.m in Sources */,
				95E1EF781D4F772D00C13F30 /* SDImageCache.m in Sources */,
				95E39A9E1D54820000750BD7 /* ZShopViewController.m in Sources */,
			);
			runOnlyForDeploymentPostprocessing = 0;
		};
/* End PBXSourcesBuildPhase section */

/* Begin PBXVariantGroup section */
		95E1EE981D4F008800C13F30 /* Main.storyboard */ = {
			isa = PBXVariantGroup;
			children = (
				95E1EE991D4F008800C13F30 /* Base */,
			);
			name = Main.storyboard;
			sourceTree = "<group>";
		};
		95E1EE9D1D4F008800C13F30 /* LaunchScreen.storyboard */ = {
			isa = PBXVariantGroup;
			children = (
				95E1EE9E1D4F008800C13F30 /* Base */,
			);
			name = LaunchScreen.storyboard;
			sourceTree = "<group>";
		};
/* End PBXVariantGroup section */

/* Begin XCBuildConfiguration section */
		95E1EEA11D4F008800C13F30 /* Debug */ = {
			isa = XCBuildConfiguration;
			buildSettings = {
				ALWAYS_SEARCH_USER_PATHS = NO;
				CLANG_ANALYZER_NONNULL = YES;
				CLANG_CXX_LANGUAGE_STANDARD = "gnu++0x";
				CLANG_CXX_LIBRARY = "libc++";
				CLANG_ENABLE_MODULES = YES;
				CLANG_ENABLE_OBJC_ARC = YES;
				CLANG_WARN_BOOL_CONVERSION = YES;
				CLANG_WARN_CONSTANT_CONVERSION = YES;
				CLANG_WARN_DIRECT_OBJC_ISA_USAGE = YES_ERROR;
				CLANG_WARN_EMPTY_BODY = YES;
				CLANG_WARN_ENUM_CONVERSION = YES;
				CLANG_WARN_INT_CONVERSION = YES;
				CLANG_WARN_OBJC_ROOT_CLASS = YES_ERROR;
				CLANG_WARN_UNREACHABLE_CODE = YES;
				CLANG_WARN__DUPLICATE_METHOD_MATCH = YES;
				"CODE_SIGN_IDENTITY[sdk=iphoneos*]" = "iPhone Developer";
				COPY_PHASE_STRIP = NO;
				DEBUG_INFORMATION_FORMAT = dwarf;
				ENABLE_STRICT_OBJC_MSGSEND = YES;
				ENABLE_TESTABILITY = YES;
				GCC_C_LANGUAGE_STANDARD = gnu99;
				GCC_DYNAMIC_NO_PIC = NO;
				GCC_NO_COMMON_BLOCKS = YES;
				GCC_OPTIMIZATION_LEVEL = 0;
				GCC_PREPROCESSOR_DEFINITIONS = (
					"DEBUG=1",
					"$(inherited)",
				);
				GCC_WARN_64_TO_32_BIT_CONVERSION = YES;
				GCC_WARN_ABOUT_RETURN_TYPE = YES_ERROR;
				GCC_WARN_UNDECLARED_SELECTOR = YES;
				GCC_WARN_UNINITIALIZED_AUTOS = YES_AGGRESSIVE;
				GCC_WARN_UNUSED_FUNCTION = YES;
				GCC_WARN_UNUSED_VARIABLE = YES;
				IPHONEOS_DEPLOYMENT_TARGET = 9.3;
				MTL_ENABLE_DEBUG_INFO = YES;
				ONLY_ACTIVE_ARCH = YES;
				SDKROOT = iphoneos;
				TARGETED_DEVICE_FAMILY = "1,2";
			};
			name = Debug;
		};
		95E1EEA21D4F008800C13F30 /* Release */ = {
			isa = XCBuildConfiguration;
			buildSettings = {
				ALWAYS_SEARCH_USER_PATHS = NO;
				CLANG_ANALYZER_NONNULL = YES;
				CLANG_CXX_LANGUAGE_STANDARD = "gnu++0x";
				CLANG_CXX_LIBRARY = "libc++";
				CLANG_ENABLE_MODULES = YES;
				CLANG_ENABLE_OBJC_ARC = YES;
				CLANG_WARN_BOOL_CONVERSION = YES;
				CLANG_WARN_CONSTANT_CONVERSION = YES;
				CLANG_WARN_DIRECT_OBJC_ISA_USAGE = YES_ERROR;
				CLANG_WARN_EMPTY_BODY = YES;
				CLANG_WARN_ENUM_CONVERSION = YES;
				CLANG_WARN_INT_CONVERSION = YES;
				CLANG_WARN_OBJC_ROOT_CLASS = YES_ERROR;
				CLANG_WARN_UNREACHABLE_CODE = YES;
				CLANG_WARN__DUPLICATE_METHOD_MATCH = YES;
				"CODE_SIGN_IDENTITY[sdk=iphoneos*]" = "iPhone Developer";
				COPY_PHASE_STRIP = NO;
				DEBUG_INFORMATION_FORMAT = "dwarf-with-dsym";
				ENABLE_NS_ASSERTIONS = NO;
				ENABLE_STRICT_OBJC_MSGSEND = YES;
				GCC_C_LANGUAGE_STANDARD = gnu99;
				GCC_NO_COMMON_BLOCKS = YES;
				GCC_WARN_64_TO_32_BIT_CONVERSION = YES;
				GCC_WARN_ABOUT_RETURN_TYPE = YES_ERROR;
				GCC_WARN_UNDECLARED_SELECTOR = YES;
				GCC_WARN_UNINITIALIZED_AUTOS = YES_AGGRESSIVE;
				GCC_WARN_UNUSED_FUNCTION = YES;
				GCC_WARN_UNUSED_VARIABLE = YES;
				IPHONEOS_DEPLOYMENT_TARGET = 9.3;
				MTL_ENABLE_DEBUG_INFO = NO;
				SDKROOT = iphoneos;
				TARGETED_DEVICE_FAMILY = "1,2";
				VALIDATE_PRODUCT = YES;
			};
			name = Release;
		};
		95E1EEA41D4F008800C13F30 /* Debug */ = {
			isa = XCBuildConfiguration;
			buildSettings = {
				ASSETCATALOG_COMPILER_APPICON_NAME = AppIcon;
				CODE_SIGN_IDENTITY = "iPhone Developer";
				GCC_PREFIX_HEADER = "$(SRCROOT)/$(PROJECT)/Meituan-PrefixHeader.pch";
				INFOPLIST_FILE = "02-美团外卖/Info.plist";
				LD_RUNPATH_SEARCH_PATHS = "$(inherited) @executable_path/Frameworks";
				PRODUCT_BUNDLE_IDENTIFIER = "com.itheima.-2-----";
				PRODUCT_NAME = "$(TARGET_NAME)";
			};
			name = Debug;
		};
		95E1EEA51D4F008800C13F30 /* Release */ = {
			isa = XCBuildConfiguration;
			buildSettings = {
				ASSETCATALOG_COMPILER_APPICON_NAME = AppIcon;
				CODE_SIGN_IDENTITY = "iPhone Developer";
				GCC_PREFIX_HEADER = "$(SRCROOT)/$(PROJECT)/Meituan-PrefixHeader.pch";
				INFOPLIST_FILE = "02-美团外卖/Info.plist";
				LD_RUNPATH_SEARCH_PATHS = "$(inherited) @executable_path/Frameworks";
				PRODUCT_BUNDLE_IDENTIFIER = "com.itheima.-2-----";
				PRODUCT_NAME = "$(TARGET_NAME)";
			};
			name = Release;
		};
/* End XCBuildConfiguration section */

/* Begin XCConfigurationList section */
		95E1EE871D4F008800C13F30 /* Build configuration list for PBXProject "02-美团外卖" */ = {
			isa = XCConfigurationList;
			buildConfigurations = (
				95E1EEA11D4F008800C13F30 /* Debug */,
				95E1EEA21D4F008800C13F30 /* Release */,
			);
			defaultConfigurationIsVisible = 0;
			defaultConfigurationName = Release;
		};
		95E1EEA31D4F008800C13F30 /* Build configuration list for PBXNativeTarget "02-美团外卖" */ = {
			isa = XCConfigurationList;
			buildConfigurations = (
				95E1EEA41D4F008800C13F30 /* Debug */,
				95E1EEA51D4F008800C13F30 /* Release */,
			);
			defaultConfigurationIsVisible = 0;
			defaultConfigurationName = Release;
		};
/* End XCConfigurationList section */
	};
	rootObject = 95E1EE841D4F008800C13F30 /* Project object */;
}
